// !$*UTF8*$!
{
	archiveVersion = 1;
	classes = {
	};
	objectVersion = 45;
	objects = {

/* Begin PBXBuildFile section */
		1D60589F0D05DD5A006BFB54 /* Foundation.framework in Frameworks */ = {isa = PBXBuildFile; fileRef = 1D30AB110D05D00D00671497 /* Foundation.framework */; };
		1DF5F4E00D08C38300B7A737 /* UIKit.framework in Frameworks */ = {isa = PBXBuildFile; fileRef = 1DF5F4DF0D08C38300B7A737 /* UIKit.framework */; };
		288765FD0DF74451002DB57D /* CoreGraphics.framework in Frameworks */ = {isa = PBXBuildFile; fileRef = 288765FC0DF74451002DB57D /* CoreGraphics.framework */; };
		5326AEA810A23A0500278DE6 /* CoreLocation.framework in Frameworks */ = {isa = PBXBuildFile; fileRef = 5326AEA710A23A0500278DE6 /* CoreLocation.framework */; };
		53F323EB10A20EDB00E0DAE4 /* OpenAL.framework in Frameworks */ = {isa = PBXBuildFile; fileRef = 53F323EA10A20EDB00E0DAE4 /* OpenAL.framework */; };
		8ded5056525646fa71980866dad7cfd5 /* ofxAssimpModelLoader.cpp in Sources */ = {isa = PBXBuildFile; fileRef = ede55d82bd962dac0e94b708addc77b6 /* ofxAssimpModelLoader.cpp */; };
		A6B3153715D2E6D3002F427A /* ofxMSAInteractiveObject.cpp in Sources */ = {isa = PBXBuildFile; fileRef = A6B3151C15D2E6D3002F427A /* ofxMSAInteractiveObject.cpp */; };
		A6B3153915D2E6D3002F427A /* ofxMtActionsObject.cpp in Sources */ = {isa = PBXBuildFile; fileRef = A6B3152115D2E6D3002F427A /* ofxMtActionsObject.cpp */; };
		A6B3153D15D2E6D3002F427A /* ofxMtObject.cpp in Sources */ = {isa = PBXBuildFile; fileRef = A6B3152E15D2E6D3002F427A /* ofxMtObject.cpp */; };
		BB16EBD20F2B2A9500518274 /* OpenGLES.framework in Frameworks */ = {isa = PBXBuildFile; fileRef = BB16EBD10F2B2A9500518274 /* OpenGLES.framework */; };
		BB16EBD90F2B2AB500518274 /* QuartzCore.framework in Frameworks */ = {isa = PBXBuildFile; fileRef = BB16EBD80F2B2AB500518274 /* QuartzCore.framework */; };
		BB24DD8F10DA77E000E9C588 /* Default.png in Resources */ = {isa = PBXBuildFile; fileRef = BB24DD8C10DA77E000E9C588 /* Default.png */; };
		BB24DD9010DA77E000E9C588 /* Icon.png in Resources */ = {isa = PBXBuildFile; fileRef = BB24DD8D10DA77E000E9C588 /* Icon.png */; };
		BB24DDCA10DA781C00E9C588 /* ofxiphone-Info.plist in Resources */ = {isa = PBXBuildFile; fileRef = BB24DDC910DA781C00E9C588 /* ofxiphone-Info.plist */; };
		BBE5EAB80F49AD8400F28951 /* AudioToolbox.framework in Frameworks */ = {isa = PBXBuildFile; fileRef = BBE5EAB70F49AD8400F28951 /* AudioToolbox.framework */; };
		E41D3ED713B38FB500A75A5D /* Project.xcconfig in Resources */ = {isa = PBXBuildFile; fileRef = E41D3ED613B38FB500A75A5D /* Project.xcconfig */; };
		E41D3EE613B3906D00A75A5D /* CoreOF.xcconfig in Resources */ = {isa = PBXBuildFile; fileRef = E41D3EE513B3906D00A75A5D /* CoreOF.xcconfig */; };
		E41D400B13B39D2100A75A5D /* AVFoundation.framework in Frameworks */ = {isa = PBXBuildFile; fileRef = E41D400613B39D2100A75A5D /* AVFoundation.framework */; };
		E41D400C13B39D2100A75A5D /* CoreMedia.framework in Frameworks */ = {isa = PBXBuildFile; fileRef = E41D400713B39D2100A75A5D /* CoreMedia.framework */; };
		E41D400D13B39D2100A75A5D /* CoreVideo.framework in Frameworks */ = {isa = PBXBuildFile; fileRef = E41D400813B39D2100A75A5D /* CoreVideo.framework */; };
		E41D400E13B39D2100A75A5D /* MapKit.framework in Frameworks */ = {isa = PBXBuildFile; fileRef = E41D400913B39D2100A75A5D /* MapKit.framework */; };
		E41D421413B3A95300A75A5D /* libofxiPhone_iphoneos_Debug.a in Frameworks */ = {isa = PBXBuildFile; fileRef = E41D410213B3A0D800A75A5D /* libofxiPhone_iphoneos_Debug.a */; };
		E4A823A412561BE3002F86A2 /* CoreGraphics.framework in Frameworks */ = {isa = PBXBuildFile; fileRef = E4A823A312561BE3002F86A2 /* CoreGraphics.framework */; };
		E4D8936E11527B74007E1F53 /* main.mm in Sources */ = {isa = PBXBuildFile; fileRef = E4D8936B11527B74007E1F53 /* main.mm */; };
		E4D8936F11527B74007E1F53 /* testApp.mm in Sources */ = {isa = PBXBuildFile; fileRef = E4D8936D11527B74007E1F53 /* testApp.mm */; };
/* End PBXBuildFile section */

/* Begin PBXContainerItemProxy section */
		E41D410113B3A0D800A75A5D /* PBXContainerItemProxy */ = {
			isa = PBXContainerItemProxy;
			containerPortal = E41D40FD13B3A0D800A75A5D /* iOS+OFLib.xcodeproj */;
			proxyType = 2;
			remoteGlobalIDString = BB24DED610DA7A3F00E9C588;
			remoteInfo = "iPhone+OF Static Library";
		};
		E41D410313B3A11300A75A5D /* PBXContainerItemProxy */ = {
			isa = PBXContainerItemProxy;
			containerPortal = E41D40FD13B3A0D800A75A5D /* iOS+OFLib.xcodeproj */;
			proxyType = 1;
			remoteGlobalIDString = BB24DE5C10DA7A3F00E9C588;
			remoteInfo = "iPhone+OF Static Library";
		};
/* End PBXContainerItemProxy section */

/* Begin PBXFileReference section */
		0d3785e8f7feb9257fea2d7d3e2823e6 /* ProgressHandler.h */ = {isa = PBXFileReference; explicitFileType = sourcecode.c.h; fileEncoding = 30; name = ProgressHandler.h; path = ../../../addons/ofxAssimpModelLoader/libs/assimp/include/ProgressHandler.h; sourceTree = SOURCE_ROOT; };
		12a495636e8f8086e17251c020a83154 /* LogStream.h */ = {isa = PBXFileReference; explicitFileType = sourcecode.c.h; fileEncoding = 30; name = LogStream.h; path = ../../../addons/ofxAssimpModelLoader/libs/assimp/include/LogStream.h; sourceTree = SOURCE_ROOT; };
		1D30AB110D05D00D00671497 /* Foundation.framework */ = {isa = PBXFileReference; lastKnownFileType = wrapper.framework; name = Foundation.framework; path = System/Library/Frameworks/Foundation.framework; sourceTree = SDKROOT; };
		1D6058910D05DD3D006BFB54 /* IMCFestivalApp.app */ = {isa = PBXFileReference; explicitFileType = wrapper.application; includeInIndex = 0; path = IMCFestivalApp.app; sourceTree = BUILT_PRODUCTS_DIR; };
		1DF5F4DF0D08C38300B7A737 /* UIKit.framework */ = {isa = PBXFileReference; lastKnownFileType = wrapper.framework; name = UIKit.framework; path = System/Library/Frameworks/UIKit.framework; sourceTree = SDKROOT; };
		1aa18353f9701b01731dfadf228466c5 /* poppack1.h */ = {isa = PBXFileReference; explicitFileType = sourcecode.c.h; fileEncoding = 30; name = poppack1.h; path = ../../../addons/ofxAssimpModelLoader/libs/assimp/include/Compiler/poppack1.h; sourceTree = SOURCE_ROOT; };
		1b2b8dd25ba5cc157bedbcf0a4512832 /* aiColor4D.h */ = {isa = PBXFileReference; explicitFileType = sourcecode.c.h; fileEncoding = 30; name = aiColor4D.h; path = ../../../addons/ofxAssimpModelLoader/libs/assimp/include/aiColor4D.h; sourceTree = SOURCE_ROOT; };
		1eaed5cffef5186b868078917fbc5992 /* aiAssert.h */ = {isa = PBXFileReference; explicitFileType = sourcecode.c.h; fileEncoding = 30; name = aiAssert.h; path = ../../../addons/ofxAssimpModelLoader/libs/assimp/include/aiAssert.h; sourceTree = SOURCE_ROOT; };
		288765FC0DF74451002DB57D /* CoreGraphics.framework */ = {isa = PBXFileReference; lastKnownFileType = wrapper.framework; name = CoreGraphics.framework; path = System/Library/Frameworks/CoreGraphics.framework; sourceTree = SDKROOT; };
		28904a3f685cce2d22b588e9936f112b /* aiVector2D.h */ = {isa = PBXFileReference; explicitFileType = sourcecode.c.h; fileEncoding = 30; name = aiVector2D.h; path = ../../../addons/ofxAssimpModelLoader/libs/assimp/include/aiVector2D.h; sourceTree = SOURCE_ROOT; };
		32CA4F630368D1EE00C91783 /* iPhone_Prefix.pch */ = {isa = PBXFileReference; fileEncoding = 4; lastKnownFileType = sourcecode.c.h; path = iPhone_Prefix.pch; sourceTree = "<group>"; };
		3dbacca958271ecb22f7ab67d74a49ce /* aiConfig.h */ = {isa = PBXFileReference; explicitFileType = sourcecode.c.h; fileEncoding = 30; name = aiConfig.h; path = ../../../addons/ofxAssimpModelLoader/libs/assimp/include/aiConfig.h; sourceTree = SOURCE_ROOT; };
		411b9b9bc0591439d8f0b056069b76d2 /* aiLight.h */ = {isa = PBXFileReference; explicitFileType = sourcecode.c.h; fileEncoding = 30; name = aiLight.h; path = ../../../addons/ofxAssimpModelLoader/libs/assimp/include/aiLight.h; sourceTree = SOURCE_ROOT; };
		5326AEA710A23A0500278DE6 /* CoreLocation.framework */ = {isa = PBXFileReference; lastKnownFileType = wrapper.framework; name = CoreLocation.framework; path = System/Library/Frameworks/CoreLocation.framework; sourceTree = SDKROOT; };
		53F323EA10A20EDB00E0DAE4 /* OpenAL.framework */ = {isa = PBXFileReference; lastKnownFileType = wrapper.framework; name = OpenAL.framework; path = System/Library/Frameworks/OpenAL.framework; sourceTree = SDKROOT; };
		53ea0e889f34624ce3313e04cd77bdc4 /* assimp.hpp */ = {isa = PBXFileReference; explicitFileType = sourcecode.c.h; fileEncoding = 30; name = assimp.hpp; path = ../../../addons/ofxAssimpModelLoader/libs/assimp/include/assimp.hpp; sourceTree = SOURCE_ROOT; };
		55b81b66e9935717c0fb91416f3db68f /* Logger.h */ = {isa = PBXFileReference; explicitFileType = sourcecode.c.h; fileEncoding = 30; name = Logger.h; path = ../../../addons/ofxAssimpModelLoader/libs/assimp/include/Logger.h; sourceTree = SOURCE_ROOT; };
		564045ef0424b7037832d90382f88900 /* assimp.h */ = {isa = PBXFileReference; explicitFileType = sourcecode.c.h; fileEncoding = 30; name = assimp.h; path = ../../../addons/ofxAssimpModelLoader/libs/assimp/include/assimp.h; sourceTree = SOURCE_ROOT; };
		5e154ce6eae1c51e3e6c3afe877468db /* aiMesh.h */ = {isa = PBXFileReference; explicitFileType = sourcecode.c.h; fileEncoding = 30; name = aiMesh.h; path = ../../../addons/ofxAssimpModelLoader/libs/assimp/include/aiMesh.h; sourceTree = SOURCE_ROOT; };
		65bac5a3b9c9387859a2b0e01dd0c5e7 /* pushpack1.h */ = {isa = PBXFileReference; explicitFileType = sourcecode.c.h; fileEncoding = 30; name = pushpack1.h; path = ../../../addons/ofxAssimpModelLoader/libs/assimp/include/Compiler/pushpack1.h; sourceTree = SOURCE_ROOT; };
		7376e26531d91026464d8c58a27b7069 /* aiFileIO.h */ = {isa = PBXFileReference; explicitFileType = sourcecode.c.h; fileEncoding = 30; name = aiFileIO.h; path = ../../../addons/ofxAssimpModelLoader/libs/assimp/include/aiFileIO.h; sourceTree = SOURCE_ROOT; };
		7da8f80a221c83c141fd02b1bf0fd401 /* aiDefines.h */ = {isa = PBXFileReference; explicitFileType = sourcecode.c.h; fileEncoding = 30; name = aiDefines.h; path = ../../../addons/ofxAssimpModelLoader/libs/assimp/include/aiDefines.h; sourceTree = SOURCE_ROOT; };
		7df381f656e8fd352e21346e62796c7d /* ofxAssimpModelLoader.h */ = {isa = PBXFileReference; explicitFileType = sourcecode.c.h; fileEncoding = 30; name = ofxAssimpModelLoader.h; path = ../../../addons/ofxAssimpModelLoader/src/ofxAssimpModelLoader.h; sourceTree = SOURCE_ROOT; };
		838b1d2c3319363cf8762b067909ebfc /* aiCamera.h */ = {isa = PBXFileReference; explicitFileType = sourcecode.c.h; fileEncoding = 30; name = aiCamera.h; path = ../../../addons/ofxAssimpModelLoader/libs/assimp/include/aiCamera.h; sourceTree = SOURCE_ROOT; };
		8504ff32a0062075b2b34f3ce8f21a72 /* aiMatrix3x3.h */ = {isa = PBXFileReference; explicitFileType = sourcecode.c.h; fileEncoding = 30; name = aiMatrix3x3.h; path = ../../../addons/ofxAssimpModelLoader/libs/assimp/include/aiMatrix3x3.h; sourceTree = SOURCE_ROOT; };
		8eb7e3aa842b22a0d284ea31e39e4301 /* aiScene.h */ = {isa = PBXFileReference; explicitFileType = sourcecode.c.h; fileEncoding = 30; name = aiScene.h; path = ../../../addons/ofxAssimpModelLoader/libs/assimp/include/aiScene.h; sourceTree = SOURCE_ROOT; };
		8ebbbb59caed1e54f37c7038f27990ee /* IOSystem.h */ = {isa = PBXFileReference; explicitFileType = sourcecode.c.h; fileEncoding = 30; name = IOSystem.h; path = ../../../addons/ofxAssimpModelLoader/libs/assimp/include/IOSystem.h; sourceTree = SOURCE_ROOT; };
		907f2521dc2465da06c6af1d1c18c799 /* aiAnim.h */ = {isa = PBXFileReference; explicitFileType = sourcecode.c.h; fileEncoding = 30; name = aiAnim.h; path = ../../../addons/ofxAssimpModelLoader/libs/assimp/include/aiAnim.h; sourceTree = SOURCE_ROOT; };
		9812ab5b873dce671edd4e6ddd281e54 /* aiTypes.h */ = {isa = PBXFileReference; explicitFileType = sourcecode.c.h; fileEncoding = 30; name = aiTypes.h; path = ../../../addons/ofxAssimpModelLoader/libs/assimp/include/aiTypes.h; sourceTree = SOURCE_ROOT; };
		9d3fbfbcc1ee3203c85613ccf7e80431 /* DefaultLogger.h */ = {isa = PBXFileReference; explicitFileType = sourcecode.c.h; fileEncoding = 30; name = DefaultLogger.h; path = ../../../addons/ofxAssimpModelLoader/libs/assimp/include/DefaultLogger.h; sourceTree = SOURCE_ROOT; };
		A6B3151C15D2E6D3002F427A /* ofxMSAInteractiveObject.cpp */ = {isa = PBXFileReference; fileEncoding = 4; lastKnownFileType = sourcecode.cpp.cpp; name = ofxMSAInteractiveObject.cpp; path = ../../../../addons/ofxMSAInteractiveObject/src/ofxMSAInteractiveObject.cpp; sourceTree = "<group>"; };
		A6B3151D15D2E6D3002F427A /* ofxMSAInteractiveObject.h */ = {isa = PBXFileReference; fileEncoding = 4; lastKnownFileType = sourcecode.c.h; name = ofxMSAInteractiveObject.h; path = ../../../../addons/ofxMSAInteractiveObject/src/ofxMSAInteractiveObject.h; sourceTree = "<group>"; };
		A6B3152115D2E6D3002F427A /* ofxMtActionsObject.cpp */ = {isa = PBXFileReference; fileEncoding = 4; lastKnownFileType = sourcecode.cpp.cpp; name = ofxMtActionsObject.cpp; path = ../../../../addons/ofxMtActions/src/ofxMtActionsObject.cpp; sourceTree = "<group>"; };
		A6B3152215D2E6D3002F427A /* ofxMtActionsObject.h */ = {isa = PBXFileReference; fileEncoding = 4; lastKnownFileType = sourcecode.c.h; name = ofxMtActionsObject.h; path = ../../../../addons/ofxMtActions/src/ofxMtActionsObject.h; sourceTree = "<group>"; };
		A6B3152315D2E6D3002F427A /* ofxMtActionTouch.h */ = {isa = PBXFileReference; fileEncoding = 4; lastKnownFileType = sourcecode.c.h; name = ofxMtActionTouch.h; path = ../../../../addons/ofxMtActions/src/ofxMtActionTouch.h; sourceTree = "<group>"; };
		A6B3152E15D2E6D3002F427A /* ofxMtObject.cpp */ = {isa = PBXFileReference; fileEncoding = 4; lastKnownFileType = sourcecode.cpp.cpp; name = ofxMtObject.cpp; path = ../../../../addons/ofxMultiTouchObject/src/ofxMtObject.cpp; sourceTree = "<group>"; };
		A6B3152F15D2E6D3002F427A /* ofxMtObject.h */ = {isa = PBXFileReference; fileEncoding = 4; lastKnownFileType = sourcecode.c.h; name = ofxMtObject.h; path = ../../../../addons/ofxMultiTouchObject/src/ofxMtObject.h; sourceTree = "<group>"; };
		A6B3153015D2E6D3002F427A /* ofxMtObjectEvents.h */ = {isa = PBXFileReference; fileEncoding = 4; lastKnownFileType = sourcecode.c.h; name = ofxMtObjectEvents.h; path = ../../../../addons/ofxMultiTouchObject/src/ofxMtObjectEvents.h; sourceTree = "<group>"; };
		A6B3153F15D2E89A002F427A /* tbzEventSite.h */ = {isa = PBXFileReference; fileEncoding = 4; lastKnownFileType = sourcecode.c.h; path = tbzEventSite.h; sourceTree = "<group>"; };
		BB16EBD10F2B2A9500518274 /* OpenGLES.framework */ = {isa = PBXFileReference; lastKnownFileType = wrapper.framework; name = OpenGLES.framework; path = System/Library/Frameworks/OpenGLES.framework; sourceTree = SDKROOT; };
		BB16EBD80F2B2AB500518274 /* QuartzCore.framework */ = {isa = PBXFileReference; lastKnownFileType = wrapper.framework; name = QuartzCore.framework; path = System/Library/Frameworks/QuartzCore.framework; sourceTree = SDKROOT; };
		BB24DD8C10DA77E000E9C588 /* Default.png */ = {isa = PBXFileReference; lastKnownFileType = image.png; path = Default.png; sourceTree = "<group>"; };
		BB24DD8D10DA77E000E9C588 /* Icon.png */ = {isa = PBXFileReference; lastKnownFileType = image.png; path = Icon.png; sourceTree = "<group>"; };
		BB24DDC910DA781C00E9C588 /* ofxiphone-Info.plist */ = {isa = PBXFileReference; fileEncoding = 4; lastKnownFileType = text.plist.xml; path = "ofxiphone-Info.plist"; sourceTree = "<group>"; };
		BBE5EAB70F49AD8400F28951 /* AudioToolbox.framework */ = {isa = PBXFileReference; lastKnownFileType = wrapper.framework; name = AudioToolbox.framework; path = System/Library/Frameworks/AudioToolbox.framework; sourceTree = SDKROOT; };
		E41D3ED613B38FB500A75A5D /* Project.xcconfig */ = {isa = PBXFileReference; fileEncoding = 4; lastKnownFileType = text.xcconfig; path = Project.xcconfig; sourceTree = "<group>"; };
		E41D3EE513B3906D00A75A5D /* CoreOF.xcconfig */ = {isa = PBXFileReference; fileEncoding = 4; lastKnownFileType = text.xcconfig; name = CoreOF.xcconfig; path = ../../../libs/openFrameworksCompiled/project/ios/CoreOF.xcconfig; sourceTree = SOURCE_ROOT; };
		E41D400613B39D2100A75A5D /* AVFoundation.framework */ = {isa = PBXFileReference; lastKnownFileType = wrapper.framework; name = AVFoundation.framework; path = System/Library/Frameworks/AVFoundation.framework; sourceTree = SDKROOT; };
		E41D400713B39D2100A75A5D /* CoreMedia.framework */ = {isa = PBXFileReference; lastKnownFileType = wrapper.framework; name = CoreMedia.framework; path = System/Library/Frameworks/CoreMedia.framework; sourceTree = SDKROOT; };
		E41D400813B39D2100A75A5D /* CoreVideo.framework */ = {isa = PBXFileReference; lastKnownFileType = wrapper.framework; name = CoreVideo.framework; path = System/Library/Frameworks/CoreVideo.framework; sourceTree = SDKROOT; };
		E41D400913B39D2100A75A5D /* MapKit.framework */ = {isa = PBXFileReference; lastKnownFileType = wrapper.framework; name = MapKit.framework; path = System/Library/Frameworks/MapKit.framework; sourceTree = SDKROOT; };
		E41D40FD13B3A0D800A75A5D /* iOS+OFLib.xcodeproj */ = {isa = PBXFileReference; lastKnownFileType = "wrapper.pb-project"; name = "iOS+OFLib.xcodeproj"; path = "../../../libs/openFrameworksCompiled/project/ios/iOS+OFLib.xcodeproj"; sourceTree = SOURCE_ROOT; };
		E4A823A312561BE3002F86A2 /* CoreGraphics.framework */ = {isa = PBXFileReference; lastKnownFileType = wrapper.framework; name = CoreGraphics.framework; path = System/Library/Frameworks/CoreGraphics.framework; sourceTree = SDKROOT; };
		E4D8936B11527B74007E1F53 /* main.mm */ = {isa = PBXFileReference; fileEncoding = 4; lastKnownFileType = sourcecode.cpp.objcpp; name = main.mm; path = src/main.mm; sourceTree = SOURCE_ROOT; };
		E4D8936C11527B74007E1F53 /* testApp.h */ = {isa = PBXFileReference; fileEncoding = 4; lastKnownFileType = sourcecode.c.h; name = testApp.h; path = src/testApp.h; sourceTree = SOURCE_ROOT; };
		E4D8936D11527B74007E1F53 /* testApp.mm */ = {isa = PBXFileReference; fileEncoding = 4; lastKnownFileType = sourcecode.cpp.objcpp; name = testApp.mm; path = src/testApp.mm; sourceTree = SOURCE_ROOT; };
		b170ee628be77202946345e5f0de71e9 /* aiPostProcess.h */ = {isa = PBXFileReference; explicitFileType = sourcecode.c.h; fileEncoding = 30; name = aiPostProcess.h; path = ../../../addons/ofxAssimpModelLoader/libs/assimp/include/aiPostProcess.h; sourceTree = SOURCE_ROOT; };
		c5527ea29f52ffa0c868e1b945f4c509 /* NullLogger.h */ = {isa = PBXFileReference; explicitFileType = sourcecode.c.h; fileEncoding = 30; name = NullLogger.h; path = ../../../addons/ofxAssimpModelLoader/libs/assimp/include/NullLogger.h; sourceTree = SOURCE_ROOT; };
		c72403edcb7dcaec60d1dcdd13017e0c /* aiVersion.h */ = {isa = PBXFileReference; explicitFileType = sourcecode.c.h; fileEncoding = 30; name = aiVersion.h; path = ../../../addons/ofxAssimpModelLoader/libs/assimp/include/aiVersion.h; sourceTree = SOURCE_ROOT; };
		c878437fc072e5d613f2495ac838b698 /* aiTexture.h */ = {isa = PBXFileReference; explicitFileType = sourcecode.c.h; fileEncoding = 30; name = aiTexture.h; path = ../../../addons/ofxAssimpModelLoader/libs/assimp/include/aiTexture.h; sourceTree = SOURCE_ROOT; };
		cb6e898fb329c46ec3def46127b7f74e /* aiMatrix4x4.h */ = {isa = PBXFileReference; explicitFileType = sourcecode.c.h; fileEncoding = 30; name = aiMatrix4x4.h; path = ../../../addons/ofxAssimpModelLoader/libs/assimp/include/aiMatrix4x4.h; sourceTree = SOURCE_ROOT; };
		cc940533e79102644e0eba5599fb0fb6 /* IOStream.h */ = {isa = PBXFileReference; explicitFileType = sourcecode.c.h; fileEncoding = 30; name = IOStream.h; path = ../../../addons/ofxAssimpModelLoader/libs/assimp/include/IOStream.h; sourceTree = SOURCE_ROOT; };
		cea5b41d15f295720fffa3399919411b /* ofx3DBaseLoader.h */ = {isa = PBXFileReference; explicitFileType = sourcecode.c.h; fileEncoding = 30; name = ofx3DBaseLoader.h; path = ../../../addons/ofxAssimpModelLoader/src/ofx3DBaseLoader.h; sourceTree = SOURCE_ROOT; };
		da9359f0f209e6a0b17ddb7d2000d1a0 /* aiQuaternion.h */ = {isa = PBXFileReference; explicitFileType = sourcecode.c.h; fileEncoding = 30; name = aiQuaternion.h; path = ../../../addons/ofxAssimpModelLoader/libs/assimp/include/aiQuaternion.h; sourceTree = SOURCE_ROOT; };
		e15a2aa8d846b3107aacc31edd2b9a3b /* aiVector3D.h */ = {isa = PBXFileReference; explicitFileType = sourcecode.c.h; fileEncoding = 30; name = aiVector3D.h; path = ../../../addons/ofxAssimpModelLoader/libs/assimp/include/aiVector3D.h; sourceTree = SOURCE_ROOT; };
		ede55d82bd962dac0e94b708addc77b6 /* ofxAssimpModelLoader.cpp */ = {isa = PBXFileReference; explicitFileType = sourcecode.cpp.cpp; fileEncoding = 30; name = ofxAssimpModelLoader.cpp; path = ../../../addons/ofxAssimpModelLoader/src/ofxAssimpModelLoader.cpp; sourceTree = SOURCE_ROOT; };
		f0bbbd032d905d92679d83e6230f3578 /* ofxAssimpMeshHelper.h */ = {isa = PBXFileReference; explicitFileType = sourcecode.c.h; fileEncoding = 30; name = ofxAssimpMeshHelper.h; path = ../../../addons/ofxAssimpModelLoader/src/ofxAssimpMeshHelper.h; sourceTree = SOURCE_ROOT; };
		f82ef0c060cbdac33ab84f2739ec546a /* aiMaterial.h */ = {isa = PBXFileReference; explicitFileType = sourcecode.c.h; fileEncoding = 30; name = aiMaterial.h; path = ../../../addons/ofxAssimpModelLoader/libs/assimp/include/aiMaterial.h; sourceTree = SOURCE_ROOT; };
/* End PBXFileReference section */

/* Begin PBXFrameworksBuildPhase section */
		1D60588F0D05DD3D006BFB54 /* Frameworks */ = {
			isa = PBXFrameworksBuildPhase;
			buildActionMask = 2147483647;
			files = (
				E41D421413B3A95300A75A5D /* libofxiPhone_iphoneos_Debug.a in Frameworks */,
				1D60589F0D05DD5A006BFB54 /* Foundation.framework in Frameworks */,
				1DF5F4E00D08C38300B7A737 /* UIKit.framework in Frameworks */,
				288765FD0DF74451002DB57D /* CoreGraphics.framework in Frameworks */,
				BB16EBD20F2B2A9500518274 /* OpenGLES.framework in Frameworks */,
				BB16EBD90F2B2AB500518274 /* QuartzCore.framework in Frameworks */,
				BBE5EAB80F49AD8400F28951 /* AudioToolbox.framework in Frameworks */,
				53F323EB10A20EDB00E0DAE4 /* OpenAL.framework in Frameworks */,
				5326AEA810A23A0500278DE6 /* CoreLocation.framework in Frameworks */,
				E4A823A412561BE3002F86A2 /* CoreGraphics.framework in Frameworks */,
				E41D400B13B39D2100A75A5D /* AVFoundation.framework in Frameworks */,
				E41D400C13B39D2100A75A5D /* CoreMedia.framework in Frameworks */,
				E41D400D13B39D2100A75A5D /* CoreVideo.framework in Frameworks */,
				E41D400E13B39D2100A75A5D /* MapKit.framework in Frameworks */,
			);
			runOnlyForDeploymentPostprocessing = 0;
		};
/* End PBXFrameworksBuildPhase section */

/* Begin PBXGroup section */
		19C28FACFE9D520D11CA2CBB /* Products */ = {
			isa = PBXGroup;
			children = (
				1D6058910D05DD3D006BFB54 /* IMCFestivalApp.app */,
			);
			name = Products;
			sourceTree = "<group>";
		};
		29B97314FDCFA39411CA2CEA /* CustomTemplate */ = {
			isa = PBXGroup;
			children = (
				E4D8936A11527B74007E1F53 /* src */,
				BB24DD8B10DA77E000E9C588 /* data */,
				BB24E1F710DAA51900E9C588 /* openFrameworks */,
				BB16F26B0F2B646B00518274 /* addons */,
				BB16E9930F2B1E5900518274 /* libs */,
				19C28FACFE9D520D11CA2CBB /* Products */,
			);
			name = CustomTemplate;
			sourceTree = "<group>";
		};
		29B97323FDCFA39411CA2CEA /* core frameworks */ = {
			isa = PBXGroup;
			children = (
				E41D400613B39D2100A75A5D /* AVFoundation.framework */,
				E41D400713B39D2100A75A5D /* CoreMedia.framework */,
				E41D400813B39D2100A75A5D /* CoreVideo.framework */,
				E41D400913B39D2100A75A5D /* MapKit.framework */,
				53F323EA10A20EDB00E0DAE4 /* OpenAL.framework */,
				E4A823A312561BE3002F86A2 /* CoreGraphics.framework */,
				BBE5EAB70F49AD8400F28951 /* AudioToolbox.framework */,
				BB16EBD80F2B2AB500518274 /* QuartzCore.framework */,
				BB16EBD10F2B2A9500518274 /* OpenGLES.framework */,
				1DF5F4DF0D08C38300B7A737 /* UIKit.framework */,
				1D30AB110D05D00D00671497 /* Foundation.framework */,
				288765FC0DF74451002DB57D /* CoreGraphics.framework */,
				5326AEA710A23A0500278DE6 /* CoreLocation.framework */,
			);
			name = "core frameworks";
			sourceTree = "<group>";
		};
		2c8f245acbe61e28646c17f20b185423 /* ofxAssimpModelLoader */ = {
			isa = PBXGroup;
			children = (
				9d99f547ca5c0eccb9eb980689b7dde9 /* src */,
				c721a9af1157766afe54645eb70f1a7b /* libs */,
			);
			name = ofxAssimpModelLoader;
			sourceTree = "<group>";
		};
		59905d957fde48902cf1f72978ddcb13 /* assimp */ = {
			isa = PBXGroup;
			children = (
				eefdd7ae0009ae6f77ef2a937399e1cd /* include */,
			);
			name = assimp;
			sourceTree = "<group>";
		};
		93a9152986a73da32dbd796433b96c9f /* Compiler */ = {
			isa = PBXGroup;
			children = (
				1aa18353f9701b01731dfadf228466c5 /* poppack1.h */,
				65bac5a3b9c9387859a2b0e01dd0c5e7 /* pushpack1.h */,
			);
			name = Compiler;
			sourceTree = "<group>";
		};
		9d99f547ca5c0eccb9eb980689b7dde9 /* src */ = {
			isa = PBXGroup;
			children = (
				cea5b41d15f295720fffa3399919411b /* ofx3DBaseLoader.h */,
				f0bbbd032d905d92679d83e6230f3578 /* ofxAssimpMeshHelper.h */,
				ede55d82bd962dac0e94b708addc77b6 /* ofxAssimpModelLoader.cpp */,
				7df381f656e8fd352e21346e62796c7d /* ofxAssimpModelLoader.h */,
			);
			name = src;
			sourceTree = "<group>";
		};
		A6B3153E15D2E737002F427A /* addons here to keep dSYM happy */ = {
			isa = PBXGroup;
			children = (
				A6B3152E15D2E6D3002F427A /* ofxMtObject.cpp */,
				A6B3152F15D2E6D3002F427A /* ofxMtObject.h */,
				A6B3153015D2E6D3002F427A /* ofxMtObjectEvents.h */,
				A6B3152115D2E6D3002F427A /* ofxMtActionsObject.cpp */,
				A6B3152215D2E6D3002F427A /* ofxMtActionsObject.h */,
				A6B3152315D2E6D3002F427A /* ofxMtActionTouch.h */,
				A6B3151C15D2E6D3002F427A /* ofxMSAInteractiveObject.cpp */,
				A6B3151D15D2E6D3002F427A /* ofxMSAInteractiveObject.h */,
			);
			name = "addons here to keep dSYM happy";
			sourceTree = "<group>";
		};
		BB16E9930F2B1E5900518274 /* libs */ = {
			isa = PBXGroup;
			children = (
				BBE5E94E0F497BD800F28951 /* core */,
			);
			name = libs;
			sourceTree = "<group>";
		};
		BB16F26B0F2B646B00518274 /* addons */ = {
			isa = PBXGroup;
			children = (
				2c8f245acbe61e28646c17f20b185423 /* ofxAssimpModelLoader */,
			);
			name = addons;
			sourceTree = "<group>";
		};
		BB24DD8B10DA77E000E9C588 /* data */ = {
			isa = PBXGroup;
			children = (
				BB24DD8C10DA77E000E9C588 /* Default.png */,
				BB24DD8D10DA77E000E9C588 /* Icon.png */,
			);
			name = data;
			path = bin/data;
			sourceTree = "<group>";
		};
		BB24E1F710DAA51900E9C588 /* openFrameworks */ = {
			isa = PBXGroup;
			children = (
				E41D40FD13B3A0D800A75A5D /* iOS+OFLib.xcodeproj */,
				32CA4F630368D1EE00C91783 /* iPhone_Prefix.pch */,
				BB24DDC910DA781C00E9C588 /* ofxiphone-Info.plist */,
				E41D3EE513B3906D00A75A5D /* CoreOF.xcconfig */,
				E41D3ED613B38FB500A75A5D /* Project.xcconfig */,
			);
			name = openFrameworks;
			sourceTree = "<group>";
		};
		BBE5E94E0F497BD800F28951 /* core */ = {
			isa = PBXGroup;
			children = (
				29B97323FDCFA39411CA2CEA /* core frameworks */,
			);
			name = core;
			sourceTree = "<group>";
		};
		E41D40FE13B3A0D800A75A5D /* Products */ = {
			isa = PBXGroup;
			children = (
				E41D410213B3A0D800A75A5D /* libofxiPhone_iphoneos_Debug.a */,
			);
			name = Products;
			sourceTree = "<group>";
		};
		E4D8936A11527B74007E1F53 /* src */ = {
			isa = PBXGroup;
			children = (
				E4D8936B11527B74007E1F53 /* main.mm */,
				E4D8936D11527B74007E1F53 /* testApp.mm */,
				E4D8936C11527B74007E1F53 /* testApp.h */,
				A6B3153F15D2E89A002F427A /* tbzEventSite.h */,
				A6B3153E15D2E737002F427A /* addons here to keep dSYM happy */,
			);
			path = src;
			sourceTree = SOURCE_ROOT;
		};
		c721a9af1157766afe54645eb70f1a7b /* libs */ = {
			isa = PBXGroup;
			children = (
				59905d957fde48902cf1f72978ddcb13 /* assimp */,
			);
			name = libs;
			sourceTree = "<group>";
		};
		eefdd7ae0009ae6f77ef2a937399e1cd /* include */ = {
			isa = PBXGroup;
			children = (
				907f2521dc2465da06c6af1d1c18c799 /* aiAnim.h */,
				1eaed5cffef5186b868078917fbc5992 /* aiAssert.h */,
				838b1d2c3319363cf8762b067909ebfc /* aiCamera.h */,
				1b2b8dd25ba5cc157bedbcf0a4512832 /* aiColor4D.h */,
				3dbacca958271ecb22f7ab67d74a49ce /* aiConfig.h */,
				7da8f80a221c83c141fd02b1bf0fd401 /* aiDefines.h */,
				7376e26531d91026464d8c58a27b7069 /* aiFileIO.h */,
				411b9b9bc0591439d8f0b056069b76d2 /* aiLight.h */,
				f82ef0c060cbdac33ab84f2739ec546a /* aiMaterial.h */,
				8504ff32a0062075b2b34f3ce8f21a72 /* aiMatrix3x3.h */,
				cb6e898fb329c46ec3def46127b7f74e /* aiMatrix4x4.h */,
				5e154ce6eae1c51e3e6c3afe877468db /* aiMesh.h */,
				b170ee628be77202946345e5f0de71e9 /* aiPostProcess.h */,
				da9359f0f209e6a0b17ddb7d2000d1a0 /* aiQuaternion.h */,
				8eb7e3aa842b22a0d284ea31e39e4301 /* aiScene.h */,
				c878437fc072e5d613f2495ac838b698 /* aiTexture.h */,
				9812ab5b873dce671edd4e6ddd281e54 /* aiTypes.h */,
				28904a3f685cce2d22b588e9936f112b /* aiVector2D.h */,
				e15a2aa8d846b3107aacc31edd2b9a3b /* aiVector3D.h */,
				c72403edcb7dcaec60d1dcdd13017e0c /* aiVersion.h */,
				564045ef0424b7037832d90382f88900 /* assimp.h */,
				53ea0e889f34624ce3313e04cd77bdc4 /* assimp.hpp */,
				93a9152986a73da32dbd796433b96c9f /* Compiler */,
				9d3fbfbcc1ee3203c85613ccf7e80431 /* DefaultLogger.h */,
				cc940533e79102644e0eba5599fb0fb6 /* IOStream.h */,
				8ebbbb59caed1e54f37c7038f27990ee /* IOSystem.h */,
				55b81b66e9935717c0fb91416f3db68f /* Logger.h */,
				12a495636e8f8086e17251c020a83154 /* LogStream.h */,
				c5527ea29f52ffa0c868e1b945f4c509 /* NullLogger.h */,
				0d3785e8f7feb9257fea2d7d3e2823e6 /* ProgressHandler.h */,
			);
			name = include;
			sourceTree = "<group>";
		};
/* End PBXGroup section */

/* Begin PBXNativeTarget section */
		1D6058900D05DD3D006BFB54 /* IMCFestivalApp */ = {
			isa = PBXNativeTarget;
			buildConfigurationList = 1D6058960D05DD3E006BFB54 /* Build configuration list for PBXNativeTarget "IMCFestivalApp" */;
			buildPhases = (
				1D60588D0D05DD3D006BFB54 /* Resources */,
				1D60588E0D05DD3D006BFB54 /* Sources */,
				1D60588F0D05DD3D006BFB54 /* Frameworks */,
				9255DD331112741900D6945E /* ShellScript */,
			);
			buildRules = (
			);
			dependencies = (
				E41D410413B3A11300A75A5D /* PBXTargetDependency */,
			);
			name = IMCFestivalApp;
			productName = iPhone;
			productReference = 1D6058910D05DD3D006BFB54 /* IMCFestivalApp.app */;
			productType = "com.apple.product-type.application";
		};
/* End PBXNativeTarget section */

/* Begin PBXProject section */
		29B97313FDCFA39411CA2CEA /* Project object */ = {
			isa = PBXProject;
			buildConfigurationList = C01FCF4E08A954540054247B /* Build configuration list for PBXProject "IMCFestivalApp" */;
			compatibilityVersion = "Xcode 3.1";
			developmentRegion = English;
			hasScannedForEncodings = 1;
			knownRegions = (
				English,
				Japanese,
				French,
				German,
			);
			mainGroup = 29B97314FDCFA39411CA2CEA /* CustomTemplate */;
			projectDirPath = "";
			projectReferences = (
				{
					ProductGroup = E41D40FE13B3A0D800A75A5D /* Products */;
					ProjectRef = E41D40FD13B3A0D800A75A5D /* iOS+OFLib.xcodeproj */;
				},
			);
			projectRoot = "";
			targets = (
				1D6058900D05DD3D006BFB54 /* IMCFestivalApp */,
			);
		};
/* End PBXProject section */

/* Begin PBXReferenceProxy section */
		E41D410213B3A0D800A75A5D /* libofxiPhone_iphoneos_Debug.a */ = {
			isa = PBXReferenceProxy;
			fileType = archive.ar;
			path = libofxiPhone_iphoneos_Debug.a;
			remoteRef = E41D410113B3A0D800A75A5D /* PBXContainerItemProxy */;
			sourceTree = BUILT_PRODUCTS_DIR;
		};
/* End PBXReferenceProxy section */

/* Begin PBXResourcesBuildPhase section */
		1D60588D0D05DD3D006BFB54 /* Resources */ = {
			isa = PBXResourcesBuildPhase;
			buildActionMask = 2147483647;
			files = (
				BB24DD8F10DA77E000E9C588 /* Default.png in Resources */,
				BB24DD9010DA77E000E9C588 /* Icon.png in Resources */,
				BB24DDCA10DA781C00E9C588 /* ofxiphone-Info.plist in Resources */,
				E41D3ED713B38FB500A75A5D /* Project.xcconfig in Resources */,
				E41D3EE613B3906D00A75A5D /* CoreOF.xcconfig in Resources */,
			);
			runOnlyForDeploymentPostprocessing = 0;
		};
/* End PBXResourcesBuildPhase section */

/* Begin PBXShellScriptBuildPhase section */
		9255DD331112741900D6945E /* ShellScript */ = {
			isa = PBXShellScriptBuildPhase;
			buildActionMask = 2147483647;
			files = (
			);
			inputPaths = (
			);
			outputPaths = (
			);
			runOnlyForDeploymentPostprocessing = 0;
			shellPath = /bin/sh;
			shellScript = "cp -rf bin/data/ \"$TARGET_BUILD_DIR/$PRODUCT_NAME.app\"\n";
		};
/* End PBXShellScriptBuildPhase section */

/* Begin PBXSourcesBuildPhase section */
		1D60588E0D05DD3D006BFB54 /* Sources */ = {
			isa = PBXSourcesBuildPhase;
			buildActionMask = 2147483647;
			files = (
				E4D8936E11527B74007E1F53 /* main.mm in Sources */,
				E4D8936F11527B74007E1F53 /* testApp.mm in Sources */,
				8ded5056525646fa71980866dad7cfd5 /* ofxAssimpModelLoader.cpp in Sources */,
				A6B3153715D2E6D3002F427A /* ofxMSAInteractiveObject.cpp in Sources */,
				A6B3153915D2E6D3002F427A /* ofxMtActionsObject.cpp in Sources */,
				A6B3153D15D2E6D3002F427A /* ofxMtObject.cpp in Sources */,
			);
			runOnlyForDeploymentPostprocessing = 0;
		};
/* End PBXSourcesBuildPhase section */

/* Begin PBXTargetDependency section */
		E41D410413B3A11300A75A5D /* PBXTargetDependency */ = {
			isa = PBXTargetDependency;
			name = "iPhone+OF Static Library";
			targetProxy = E41D410313B3A11300A75A5D /* PBXContainerItemProxy */;
		};
/* End PBXTargetDependency section */

/* Begin XCBuildConfiguration section */
		1D6058940D05DD3E006BFB54 /* Debug */ = {
			isa = XCBuildConfiguration;
			buildSettings = {
				ALWAYS_SEARCH_USER_PATHS = NO;
				GCC_PRECOMPILE_PREFIX_HEADER = YES;
				GCC_PREFIX_HEADER = iPhone_Prefix.pch;
				INFOPLIST_FILE = "ofxiphone-Info.plist";
				IPHONEOS_DEPLOYMENT_TARGET = 5.1;
				PRODUCT_NAME = IMCFestivalApp;
				TARGETED_DEVICE_FAMILY = 1;
			};
			name = Debug;
		};
		1D6058950D05DD3E006BFB54 /* Release */ = {
			isa = XCBuildConfiguration;
			buildSettings = {
				GCC_PRECOMPILE_PREFIX_HEADER = YES;
				GCC_PREFIX_HEADER = iPhone_Prefix.pch;
				INFOPLIST_FILE = "ofxiphone-Info.plist";
				IPHONEOS_DEPLOYMENT_TARGET = 5.1;
				PRODUCT_NAME = IMCFestivalApp;
				TARGETED_DEVICE_FAMILY = 1;
			};
			name = Release;
		};
		C01FCF4F08A954540054247B /* Debug */ = {
			isa = XCBuildConfiguration;
			baseConfigurationReference = E41D3ED613B38FB500A75A5D /* Project.xcconfig */;
			buildSettings = {
				ALWAYS_SEARCH_USER_PATHS = YES;
				ARCHS = "$(ARCHS_STANDARD_32_BIT)";
				CODE_SIGN_IDENTITY = "";
				"CODE_SIGN_IDENTITY[sdk=iphoneos*]" = "iPhone Developer";
				COMPRESS_PNG_FILES = NO;
				GCC_C_LANGUAGE_STANDARD = c99;
				GCC_OPTIMIZATION_LEVEL = 0;
				GCC_SYMBOLS_PRIVATE_EXTERN = NO;
				GCC_WARN_ABOUT_DEPRECATED_FUNCTIONS = NO;
				GCC_WARN_ABOUT_INVALID_OFFSETOF_MACRO = NO;
				GCC_WARN_ABOUT_POINTER_SIGNEDNESS = NO;
				GCC_WARN_ABOUT_RETURN_TYPE = YES;
				GCC_WARN_ALLOW_INCOMPLETE_PROTOCOL = NO;
				GCC_WARN_PROTOTYPE_CONVERSION = NO;
				GCC_WARN_UNUSED_VARIABLE = YES;
				HEADER_SEARCH_PATHS = (
					"$(OF_CORE_HEADERS)",
					src,
					../../../addons/ofxAssimpModelLoader/libs,
					../../../addons/ofxAssimpModelLoader/libs/assimp,
					../../../addons/ofxAssimpModelLoader/libs/assimp/include,
					../../../addons/ofxAssimpModelLoader/libs/assimp/include/Compiler,
					../../../addons/ofxAssimpModelLoader/libs/assimp/lib,
					../../../addons/ofxAssimpModelLoader/libs/assimp/lib/ios,
					../../../addons/ofxAssimpModelLoader/src,
				);
				IPHONEOS_DEPLOYMENT_TARGET = 3.1;
				ONLY_ACTIVE_ARCH = NO;
				OTHER_LDFLAGS = (
					"$(OF_CORE_LIBS)",
					../../../addons/ofxAssimpModelLoader/libs/assimp/lib/ios/assimp.a,
					../../../addons/ofxAssimpModelLoader/libs/assimp/lib/osx/assimp.a,
				);
				PREBINDING = NO;
				"PROVISIONING_PROFILE[sdk=iphoneos*]" = "";
				SDKROOT = iphoneos;
				TARGETED_DEVICE_FAMILY = 1;
				WARNING_LDFLAGS = "-no_arch_warnings";
			};
			name = Debug;
		};
		C01FCF5008A954540054247B /* Release */ = {
			isa = XCBuildConfiguration;
			baseConfigurationReference = E41D3ED613B38FB500A75A5D /* Project.xcconfig */;
			buildSettings = {
				ALWAYS_SEARCH_USER_PATHS = YES;
				ARCHS = "$(ARCHS_STANDARD_32_BIT)";
				CODE_SIGN_IDENTITY = "";
				"CODE_SIGN_IDENTITY[sdk=iphoneos*]" = "iPhone Developer";
				COMPRESS_PNG_FILES = NO;
				GCC_C_LANGUAGE_STANDARD = c99;
				GCC_DYNAMIC_NO_PIC = YES;
				GCC_GENERATE_DEBUGGING_SYMBOLS = NO;
				GCC_OPTIMIZATION_LEVEL = 3;
				GCC_SYMBOLS_PRIVATE_EXTERN = NO;
				GCC_THUMB_SUPPORT = NO;
				GCC_WARN_ABOUT_RETURN_TYPE = YES;
				GCC_WARN_UNUSED_VARIABLE = YES;
				HEADER_SEARCH_PATHS = (
					"$(OF_CORE_HEADERS)",
					src,
					../../../addons/ofxAssimpModelLoader/libs,
					../../../addons/ofxAssimpModelLoader/libs/assimp,
					../../../addons/ofxAssimpModelLoader/libs/assimp/include,
					../../../addons/ofxAssimpModelLoader/libs/assimp/include/Compiler,
					../../../addons/ofxAssimpModelLoader/libs/assimp/lib,
					../../../addons/ofxAssimpModelLoader/libs/assimp/lib/ios,
					../../../addons/ofxAssimpModelLoader/src,
				);
				IPHONEOS_DEPLOYMENT_TARGET = 3.1;
				ONLY_ACTIVE_ARCH = NO;
				OTHER_LDFLAGS = (
					"$(OF_CORE_LIBS)",
					../../../addons/ofxAssimpModelLoader/libs/assimp/lib/ios/assimp.a,
					../../../addons/ofxAssimpModelLoader/libs/assimp/lib/osx/assimp.a,
				);
				PREBINDING = NO;
				SDKROOT = iphoneos;
				TARGETED_DEVICE_FAMILY = 1;
				WARNING_LDFLAGS = "-no_arch_warnings";
			};
			name = Release;
		};
/* End XCBuildConfiguration section */

/* Begin XCConfigurationList section */
		1D6058960D05DD3E006BFB54 /* Build configuration list for PBXNativeTarget "IMCFestivalApp" */ = {
			isa = XCConfigurationList;
			buildConfigurations = (
				1D6058940D05DD3E006BFB54 /* Debug */,
				1D6058950D05DD3E006BFB54 /* Release */,
			);
			defaultConfigurationIsVisible = 0;
			defaultConfigurationName = Release;
		};
		C01FCF4E08A954540054247B /* Build configuration list for PBXProject "IMCFestivalApp" */ = {
			isa = XCConfigurationList;
			buildConfigurations = (
				C01FCF4F08A954540054247B /* Debug */,
				C01FCF5008A954540054247B /* Release */,
			);
			defaultConfigurationIsVisible = 0;
			defaultConfigurationName = Release;
		};
/* End XCConfigurationList section */
	};
	rootObject = 29B97313FDCFA39411CA2CEA /* Project object */;
}
