// !$*UTF8*$!
{
	archiveVersion = 1;
	classes = {
	};
	objectVersion = 45;
	objects = {

/* Begin PBXBuildFile section */
		1D60589F0D05DD5A006BFB54 /* Foundation.framework in Frameworks */ = {isa = PBXBuildFile; fileRef = 1D30AB110D05D00D00671497 /* Foundation.framework */; };
		1DF5F4E00D08C38300B7A737 /* UIKit.framework in Frameworks */ = {isa = PBXBuildFile; fileRef = 1DF5F4DF0D08C38300B7A737 /* UIKit.framework */; };
		288765FD0DF74451002DB57D /* CoreGraphics.framework in Frameworks */ = {isa = PBXBuildFile; fileRef = 288765FC0DF74451002DB57D /* CoreGraphics.framework */; };
		5326AEA810A23A0500278DE6 /* CoreLocation.framework in Frameworks */ = {isa = PBXBuildFile; fileRef = 5326AEA710A23A0500278DE6 /* CoreLocation.framework */; };
		53F323EB10A20EDB00E0DAE4 /* OpenAL.framework in Frameworks */ = {isa = PBXBuildFile; fileRef = 53F323EA10A20EDB00E0DAE4 /* OpenAL.framework */; };
		8ded5056525646fa71980866dad7cfd5 /* ofxAssimpModelLoader.cpp in Sources */ = {isa = PBXBuildFile; fileRef = ede55d82bd962dac0e94b708addc77b6 /* ofxAssimpModelLoader.cpp */; };
		A61683101608D54F0023D71A /* tbzPerson.cpp in Sources */ = {isa = PBXBuildFile; fileRef = A616830E1608D54F0023D71A /* tbzPerson.cpp */; };
		A6168360160A0B230023D71A /* easing_terms_of_use.html in Resources */ = {isa = PBXBuildFile; fileRef = A6168330160A0B220023D71A /* easing_terms_of_use.html */; };
		A6168361160A0B230023D71A /* ofxEasing.cpp in Sources */ = {isa = PBXBuildFile; fileRef = A6168331160A0B220023D71A /* ofxEasing.cpp */; };
		A6168362160A0B230023D71A /* ofxEasingBack.cpp in Sources */ = {isa = PBXBuildFile; fileRef = A6168333160A0B220023D71A /* ofxEasingBack.cpp */; };
		A6168363160A0B230023D71A /* ofxEasingBounce.cpp in Sources */ = {isa = PBXBuildFile; fileRef = A6168335160A0B220023D71A /* ofxEasingBounce.cpp */; };
		A6168364160A0B230023D71A /* ofxEasingCirc.cpp in Sources */ = {isa = PBXBuildFile; fileRef = A6168337160A0B220023D71A /* ofxEasingCirc.cpp */; };
		A6168365160A0B230023D71A /* ofxEasingCubic.cpp in Sources */ = {isa = PBXBuildFile; fileRef = A6168339160A0B220023D71A /* ofxEasingCubic.cpp */; };
		A6168366160A0B230023D71A /* ofxEasingElastic.cpp in Sources */ = {isa = PBXBuildFile; fileRef = A616833B160A0B220023D71A /* ofxEasingElastic.cpp */; };
		A6168367160A0B230023D71A /* ofxEasingExpo.cpp in Sources */ = {isa = PBXBuildFile; fileRef = A616833D160A0B220023D71A /* ofxEasingExpo.cpp */; };
		A6168368160A0B230023D71A /* ofxEasingLinear.cpp in Sources */ = {isa = PBXBuildFile; fileRef = A616833F160A0B220023D71A /* ofxEasingLinear.cpp */; };
		A6168369160A0B230023D71A /* ofxEasingQuad.cpp in Sources */ = {isa = PBXBuildFile; fileRef = A6168341160A0B220023D71A /* ofxEasingQuad.cpp */; };
		A616836A160A0B230023D71A /* ofxEasingQuart.cpp in Sources */ = {isa = PBXBuildFile; fileRef = A6168343160A0B220023D71A /* ofxEasingQuart.cpp */; };
		A616836B160A0B230023D71A /* ofxEasingQuint.cpp in Sources */ = {isa = PBXBuildFile; fileRef = A6168345160A0B220023D71A /* ofxEasingQuint.cpp */; };
		A616836C160A0B230023D71A /* ofxEasingSine.cpp in Sources */ = {isa = PBXBuildFile; fileRef = A6168347160A0B220023D71A /* ofxEasingSine.cpp */; };
		A616836D160A0B230023D71A /* ofxTween.cpp in Sources */ = {isa = PBXBuildFile; fileRef = A6168349160A0B220023D71A /* ofxTween.cpp */; };
		A662194A15E3B657003B8ACB /* tinyxml.cpp in Sources */ = {isa = PBXBuildFile; fileRef = A662194315E3B657003B8ACB /* tinyxml.cpp */; };
		A662194B15E3B657003B8ACB /* tinyxmlerror.cpp in Sources */ = {isa = PBXBuildFile; fileRef = A662194515E3B657003B8ACB /* tinyxmlerror.cpp */; };
		A662194C15E3B657003B8ACB /* tinyxmlparser.cpp in Sources */ = {isa = PBXBuildFile; fileRef = A662194615E3B657003B8ACB /* tinyxmlparser.cpp */; };
		A662194D15E3B657003B8ACB /* ofxXmlSettings.cpp in Sources */ = {isa = PBXBuildFile; fileRef = A662194815E3B657003B8ACB /* ofxXmlSettings.cpp */; };
		A6621A7815E6A71E003B8ACB /* tbzSocialMessage.cpp in Sources */ = {isa = PBXBuildFile; fileRef = A6621A7615E6A71D003B8ACB /* tbzSocialMessage.cpp */; };
		A672EAB4161361E500C347E0 /* ofxHttpUtils.cpp in Sources */ = {isa = PBXBuildFile; fileRef = A672EAAA161361E500C347E0 /* ofxHttpUtils.cpp */; };
		A672EACC1613622000C347E0 /* ofxMSAInteractiveObject.cpp in Sources */ = {isa = PBXBuildFile; fileRef = A672EAC41613622000C347E0 /* ofxMSAInteractiveObject.cpp */; };
		A672EACF1613631200C347E0 /* tbzServerConnector.cpp in Sources */ = {isa = PBXBuildFile; fileRef = A672EACD1613631200C347E0 /* tbzServerConnector.cpp */; };
		A68BEE391610889300802EB6 /* ofxEventKeyframe.cpp in Sources */ = {isa = PBXBuildFile; fileRef = A68BEE011610889300802EB6 /* ofxEventKeyframe.cpp */; };
		A68BEE3A1610889300802EB6 /* ofxKeyframe.cpp in Sources */ = {isa = PBXBuildFile; fileRef = A68BEE031610889300802EB6 /* ofxKeyframe.cpp */; };
		A68BEE3B1610889300802EB6 /* ofxPlaylist.cpp in Sources */ = {isa = PBXBuildFile; fileRef = A68BEE051610889300802EB6 /* ofxPlaylist.cpp */; };
		A6A894911615D2C80011E0F4 /* tbzDataLogger.cpp in Sources */ = {isa = PBXBuildFile; fileRef = A6A8948F1615D2C80011E0F4 /* tbzDataLogger.cpp */; };
		A6ABE76D15F4CE9500D51B3C /* tbzVenue.cpp in Sources */ = {isa = PBXBuildFile; fileRef = A6ABE76B15F4CE9400D51B3C /* tbzVenue.cpp */; };
		A6ABE78315F4D68D00D51B3C /* ioapi.c in Sources */ = {isa = PBXBuildFile; fileRef = A6ABE77A15F4D68D00D51B3C /* ioapi.c */; };
		A6ABE78415F4D68D00D51B3C /* unzip.c in Sources */ = {isa = PBXBuildFile; fileRef = A6ABE77C15F4D68D00D51B3C /* unzip.c */; };
		A6ABE78515F4D68D00D51B3C /* README in Resources */ = {isa = PBXBuildFile; fileRef = A6ABE77E15F4D68D00D51B3C /* README */; };
		A6ABE78715F4D68D00D51B3C /* ofxUnZip.cpp in Sources */ = {isa = PBXBuildFile; fileRef = A6ABE78115F4D68D00D51B3C /* ofxUnZip.cpp */; };
		A6B3153915D2E6D3002F427A /* ofxMtActionsObject.cpp in Sources */ = {isa = PBXBuildFile; fileRef = A6B3152115D2E6D3002F427A /* ofxMtActionsObject.cpp */; };
		A6B3153D15D2E6D3002F427A /* ofxMtObject.cpp in Sources */ = {isa = PBXBuildFile; fileRef = A6B3152E15D2E6D3002F427A /* ofxMtObject.cpp */; };
		A6B32432160B688A007DEEB6 /* tbzTweet.cpp in Sources */ = {isa = PBXBuildFile; fileRef = A6B32430160B688A007DEEB6 /* tbzTweet.cpp */; };
		A6CA65351607202D002F6A15 /* dump.c in Sources */ = {isa = PBXBuildFile; fileRef = A6CA65191607202D002F6A15 /* dump.c */; };
		A6CA65361607202D002F6A15 /* error.c in Sources */ = {isa = PBXBuildFile; fileRef = A6CA651A1607202D002F6A15 /* error.c */; };
		A6CA65371607202D002F6A15 /* hashtable.c in Sources */ = {isa = PBXBuildFile; fileRef = A6CA651B1607202D002F6A15 /* hashtable.c */; };
		A6CA65381607202D002F6A15 /* load.c in Sources */ = {isa = PBXBuildFile; fileRef = A6CA65201607202D002F6A15 /* load.c */; };
		A6CA65391607202D002F6A15 /* memory.c in Sources */ = {isa = PBXBuildFile; fileRef = A6CA65211607202D002F6A15 /* memory.c */; };
		A6CA653A1607202D002F6A15 /* pack_unpack.c in Sources */ = {isa = PBXBuildFile; fileRef = A6CA65221607202D002F6A15 /* pack_unpack.c */; };
		A6CA653B1607202D002F6A15 /* strbuffer.c in Sources */ = {isa = PBXBuildFile; fileRef = A6CA65231607202D002F6A15 /* strbuffer.c */; };
		A6CA653C1607202D002F6A15 /* utf.c in Sources */ = {isa = PBXBuildFile; fileRef = A6CA65251607202D002F6A15 /* utf.c */; };
		A6CA653D1607202D002F6A15 /* value.c in Sources */ = {isa = PBXBuildFile; fileRef = A6CA65271607202D002F6A15 /* value.c */; };
		A6CA653E1607202D002F6A15 /* modp_b64.c in Sources */ = {isa = PBXBuildFile; fileRef = A6CA65291607202D002F6A15 /* modp_b64.c */; };
		A6CA653F1607202D002F6A15 /* ofxTweet.cpp in Sources */ = {isa = PBXBuildFile; fileRef = A6CA652C1607202D002F6A15 /* ofxTweet.cpp */; };
		A6CA65401607202D002F6A15 /* ofxTwitter.cpp in Sources */ = {isa = PBXBuildFile; fileRef = A6CA652E1607202D002F6A15 /* ofxTwitter.cpp */; };
		A6CA65411607202D002F6A15 /* ofxTwitterConnector.cpp in Sources */ = {isa = PBXBuildFile; fileRef = A6CA65301607202D002F6A15 /* ofxTwitterConnector.cpp */; };
		A6CA654416072312002F6A15 /* ofxTwitterStreamConnector.cpp in Sources */ = {isa = PBXBuildFile; fileRef = A6CA654216072311002F6A15 /* ofxTwitterStreamConnector.cpp */; };
		A6CA654716072947002F6A15 /* ofxTwitterSearchConnector.cpp in Sources */ = {isa = PBXBuildFile; fileRef = A6CA654516072947002F6A15 /* ofxTwitterSearchConnector.cpp */; };
		A6CA654A16077E70002F6A15 /* tbzCaptionGraphic.cpp in Sources */ = {isa = PBXBuildFile; fileRef = A6CA654816077E70002F6A15 /* tbzCaptionGraphic.cpp */; };
		A6D7F2F2160CF64100D01D6F /* tbzScreenScale.mm in Sources */ = {isa = PBXBuildFile; fileRef = A6D7F2F1160CF64100D01D6F /* tbzScreenScale.mm */; };
		A6F37EB215DD430B00D819F6 /* ofxGeometry.cpp in Sources */ = {isa = PBXBuildFile; fileRef = A6F37EB015DD430B00D819F6 /* ofxGeometry.cpp */; };
		A6F37EB415DD55F100D819F6 /* tbzEventSite.cpp in Sources */ = {isa = PBXBuildFile; fileRef = A6F37EB315DD55F100D819F6 /* tbzEventSite.cpp */; };
		A6F45A61160B17B900CFB98F /* tbzKMZReader.cpp in Sources */ = {isa = PBXBuildFile; fileRef = A6F45A5F160B17B900CFB98F /* tbzKMZReader.cpp */; };
		BB16EBD20F2B2A9500518274 /* OpenGLES.framework in Frameworks */ = {isa = PBXBuildFile; fileRef = BB16EBD10F2B2A9500518274 /* OpenGLES.framework */; };
		BB16EBD90F2B2AB500518274 /* QuartzCore.framework in Frameworks */ = {isa = PBXBuildFile; fileRef = BB16EBD80F2B2AB500518274 /* QuartzCore.framework */; };
		BB24DD8F10DA77E000E9C588 /* Default.png in Resources */ = {isa = PBXBuildFile; fileRef = BB24DD8C10DA77E000E9C588 /* Default.png */; };
		BB24DD9010DA77E000E9C588 /* Icon.png in Resources */ = {isa = PBXBuildFile; fileRef = BB24DD8D10DA77E000E9C588 /* Icon.png */; };
		BB24DDCA10DA781C00E9C588 /* ofxiphone-Info.plist in Resources */ = {isa = PBXBuildFile; fileRef = BB24DDC910DA781C00E9C588 /* ofxiphone-Info.plist */; };
		BBE5EAB80F49AD8400F28951 /* AudioToolbox.framework in Frameworks */ = {isa = PBXBuildFile; fileRef = BBE5EAB70F49AD8400F28951 /* AudioToolbox.framework */; };
		E41D3ED713B38FB500A75A5D /* Project.xcconfig in Resources */ = {isa = PBXBuildFile; fileRef = E41D3ED613B38FB500A75A5D /* Project.xcconfig */; };
		E41D3EE613B3906D00A75A5D /* CoreOF.xcconfig in Resources */ = {isa = PBXBuildFile; fileRef = E41D3EE513B3906D00A75A5D /* CoreOF.xcconfig */; };
		E41D400B13B39D2100A75A5D /* AVFoundation.framework in Frameworks */ = {isa = PBXBuildFile; fileRef = E41D400613B39D2100A75A5D /* AVFoundation.framework */; };
		E41D400C13B39D2100A75A5D /* CoreMedia.framework in Frameworks */ = {isa = PBXBuildFile; fileRef = E41D400713B39D2100A75A5D /* CoreMedia.framework */; };
		E41D400D13B39D2100A75A5D /* CoreVideo.framework in Frameworks */ = {isa = PBXBuildFile; fileRef = E41D400813B39D2100A75A5D /* CoreVideo.framework */; };
		E41D400E13B39D2100A75A5D /* MapKit.framework in Frameworks */ = {isa = PBXBuildFile; fileRef = E41D400913B39D2100A75A5D /* MapKit.framework */; };
		E41D421413B3A95300A75A5D /* libofxiPhone_iphoneos_Debug.a in Frameworks */ = {isa = PBXBuildFile; fileRef = E41D410213B3A0D800A75A5D /* libofxiPhone_iphoneos_Debug.a */; };
		E4A823A412561BE3002F86A2 /* CoreGraphics.framework in Frameworks */ = {isa = PBXBuildFile; fileRef = E4A823A312561BE3002F86A2 /* CoreGraphics.framework */; };
		E4D8936E11527B74007E1F53 /* main.mm in Sources */ = {isa = PBXBuildFile; fileRef = E4D8936B11527B74007E1F53 /* main.mm */; };
		E4D8936F11527B74007E1F53 /* testApp.mm in Sources */ = {isa = PBXBuildFile; fileRef = E4D8936D11527B74007E1F53 /* testApp.mm */; };
/* End PBXBuildFile section */

/* Begin PBXContainerItemProxy section */
		E41D410113B3A0D800A75A5D /* PBXContainerItemProxy */ = {
			isa = PBXContainerItemProxy;
			containerPortal = E41D40FD13B3A0D800A75A5D /* iOS+OFLib.xcodeproj */;
			proxyType = 2;
			remoteGlobalIDString = BB24DED610DA7A3F00E9C588;
			remoteInfo = "iPhone+OF Static Library";
		};
		E41D410313B3A11300A75A5D /* PBXContainerItemProxy */ = {
			isa = PBXContainerItemProxy;
			containerPortal = E41D40FD13B3A0D800A75A5D /* iOS+OFLib.xcodeproj */;
			proxyType = 1;
			remoteGlobalIDString = BB24DE5C10DA7A3F00E9C588;
			remoteInfo = "iPhone+OF Static Library";
		};
/* End PBXContainerItemProxy section */

/* Begin PBXFileReference section */
		0d3785e8f7feb9257fea2d7d3e2823e6 /* ProgressHandler.h */ = {isa = PBXFileReference; explicitFileType = sourcecode.c.h; fileEncoding = 30; name = ProgressHandler.h; path = ../../../addons/ofxAssimpModelLoader/libs/assimp/include/ProgressHandler.h; sourceTree = SOURCE_ROOT; };
		12a495636e8f8086e17251c020a83154 /* LogStream.h */ = {isa = PBXFileReference; explicitFileType = sourcecode.c.h; fileEncoding = 30; name = LogStream.h; path = ../../../addons/ofxAssimpModelLoader/libs/assimp/include/LogStream.h; sourceTree = SOURCE_ROOT; };
		1D30AB110D05D00D00671497 /* Foundation.framework */ = {isa = PBXFileReference; lastKnownFileType = wrapper.framework; name = Foundation.framework; path = System/Library/Frameworks/Foundation.framework; sourceTree = SDKROOT; };
		1D6058910D05DD3D006BFB54 /* IMCFestivalApp.app */ = {isa = PBXFileReference; explicitFileType = wrapper.application; includeInIndex = 0; path = IMCFestivalApp.app; sourceTree = BUILT_PRODUCTS_DIR; };
		1DF5F4DF0D08C38300B7A737 /* UIKit.framework */ = {isa = PBXFileReference; lastKnownFileType = wrapper.framework; name = UIKit.framework; path = System/Library/Frameworks/UIKit.framework; sourceTree = SDKROOT; };
		1aa18353f9701b01731dfadf228466c5 /* poppack1.h */ = {isa = PBXFileReference; explicitFileType = sourcecode.c.h; fileEncoding = 30; name = poppack1.h; path = ../../../addons/ofxAssimpModelLoader/libs/assimp/include/Compiler/poppack1.h; sourceTree = SOURCE_ROOT; };
		1b2b8dd25ba5cc157bedbcf0a4512832 /* aiColor4D.h */ = {isa = PBXFileReference; explicitFileType = sourcecode.c.h; fileEncoding = 30; name = aiColor4D.h; path = ../../../addons/ofxAssimpModelLoader/libs/assimp/include/aiColor4D.h; sourceTree = SOURCE_ROOT; };
		1eaed5cffef5186b868078917fbc5992 /* aiAssert.h */ = {isa = PBXFileReference; explicitFileType = sourcecode.c.h; fileEncoding = 30; name = aiAssert.h; path = ../../../addons/ofxAssimpModelLoader/libs/assimp/include/aiAssert.h; sourceTree = SOURCE_ROOT; };
		288765FC0DF74451002DB57D /* CoreGraphics.framework */ = {isa = PBXFileReference; lastKnownFileType = wrapper.framework; name = CoreGraphics.framework; path = System/Library/Frameworks/CoreGraphics.framework; sourceTree = SDKROOT; };
		28904a3f685cce2d22b588e9936f112b /* aiVector2D.h */ = {isa = PBXFileReference; explicitFileType = sourcecode.c.h; fileEncoding = 30; name = aiVector2D.h; path = ../../../addons/ofxAssimpModelLoader/libs/assimp/include/aiVector2D.h; sourceTree = SOURCE_ROOT; };
		32CA4F630368D1EE00C91783 /* iPhone_Prefix.pch */ = {isa = PBXFileReference; fileEncoding = 4; lastKnownFileType = sourcecode.c.h; path = iPhone_Prefix.pch; sourceTree = "<group>"; };
		3dbacca958271ecb22f7ab67d74a49ce /* aiConfig.h */ = {isa = PBXFileReference; explicitFileType = sourcecode.c.h; fileEncoding = 30; name = aiConfig.h; path = ../../../addons/ofxAssimpModelLoader/libs/assimp/include/aiConfig.h; sourceTree = SOURCE_ROOT; };
		411b9b9bc0591439d8f0b056069b76d2 /* aiLight.h */ = {isa = PBXFileReference; explicitFileType = sourcecode.c.h; fileEncoding = 30; name = aiLight.h; path = ../../../addons/ofxAssimpModelLoader/libs/assimp/include/aiLight.h; sourceTree = SOURCE_ROOT; };
		5326AEA710A23A0500278DE6 /* CoreLocation.framework */ = {isa = PBXFileReference; lastKnownFileType = wrapper.framework; name = CoreLocation.framework; path = System/Library/Frameworks/CoreLocation.framework; sourceTree = SDKROOT; };
		53F323EA10A20EDB00E0DAE4 /* OpenAL.framework */ = {isa = PBXFileReference; lastKnownFileType = wrapper.framework; name = OpenAL.framework; path = System/Library/Frameworks/OpenAL.framework; sourceTree = SDKROOT; };
		53ea0e889f34624ce3313e04cd77bdc4 /* assimp.hpp */ = {isa = PBXFileReference; explicitFileType = sourcecode.c.h; fileEncoding = 30; name = assimp.hpp; path = ../../../addons/ofxAssimpModelLoader/libs/assimp/include/assimp.hpp; sourceTree = SOURCE_ROOT; };
		55b81b66e9935717c0fb91416f3db68f /* Logger.h */ = {isa = PBXFileReference; explicitFileType = sourcecode.c.h; fileEncoding = 30; name = Logger.h; path = ../../../addons/ofxAssimpModelLoader/libs/assimp/include/Logger.h; sourceTree = SOURCE_ROOT; };
		564045ef0424b7037832d90382f88900 /* assimp.h */ = {isa = PBXFileReference; explicitFileType = sourcecode.c.h; fileEncoding = 30; name = assimp.h; path = ../../../addons/ofxAssimpModelLoader/libs/assimp/include/assimp.h; sourceTree = SOURCE_ROOT; };
		5e154ce6eae1c51e3e6c3afe877468db /* aiMesh.h */ = {isa = PBXFileReference; explicitFileType = sourcecode.c.h; fileEncoding = 30; name = aiMesh.h; path = ../../../addons/ofxAssimpModelLoader/libs/assimp/include/aiMesh.h; sourceTree = SOURCE_ROOT; };
		65bac5a3b9c9387859a2b0e01dd0c5e7 /* pushpack1.h */ = {isa = PBXFileReference; explicitFileType = sourcecode.c.h; fileEncoding = 30; name = pushpack1.h; path = ../../../addons/ofxAssimpModelLoader/libs/assimp/include/Compiler/pushpack1.h; sourceTree = SOURCE_ROOT; };
		7376e26531d91026464d8c58a27b7069 /* aiFileIO.h */ = {isa = PBXFileReference; explicitFileType = sourcecode.c.h; fileEncoding = 30; name = aiFileIO.h; path = ../../../addons/ofxAssimpModelLoader/libs/assimp/include/aiFileIO.h; sourceTree = SOURCE_ROOT; };
		7da8f80a221c83c141fd02b1bf0fd401 /* aiDefines.h */ = {isa = PBXFileReference; explicitFileType = sourcecode.c.h; fileEncoding = 30; name = aiDefines.h; path = ../../../addons/ofxAssimpModelLoader/libs/assimp/include/aiDefines.h; sourceTree = SOURCE_ROOT; };
		7df381f656e8fd352e21346e62796c7d /* ofxAssimpModelLoader.h */ = {isa = PBXFileReference; explicitFileType = sourcecode.c.h; fileEncoding = 30; name = ofxAssimpModelLoader.h; path = ../../../addons/ofxAssimpModelLoader/src/ofxAssimpModelLoader.h; sourceTree = SOURCE_ROOT; };
		838b1d2c3319363cf8762b067909ebfc /* aiCamera.h */ = {isa = PBXFileReference; explicitFileType = sourcecode.c.h; fileEncoding = 30; name = aiCamera.h; path = ../../../addons/ofxAssimpModelLoader/libs/assimp/include/aiCamera.h; sourceTree = SOURCE_ROOT; };
		8504ff32a0062075b2b34f3ce8f21a72 /* aiMatrix3x3.h */ = {isa = PBXFileReference; explicitFileType = sourcecode.c.h; fileEncoding = 30; name = aiMatrix3x3.h; path = ../../../addons/ofxAssimpModelLoader/libs/assimp/include/aiMatrix3x3.h; sourceTree = SOURCE_ROOT; };
		8eb7e3aa842b22a0d284ea31e39e4301 /* aiScene.h */ = {isa = PBXFileReference; explicitFileType = sourcecode.c.h; fileEncoding = 30; name = aiScene.h; path = ../../../addons/ofxAssimpModelLoader/libs/assimp/include/aiScene.h; sourceTree = SOURCE_ROOT; };
		8ebbbb59caed1e54f37c7038f27990ee /* IOSystem.h */ = {isa = PBXFileReference; explicitFileType = sourcecode.c.h; fileEncoding = 30; name = IOSystem.h; path = ../../../addons/ofxAssimpModelLoader/libs/assimp/include/IOSystem.h; sourceTree = SOURCE_ROOT; };
		907f2521dc2465da06c6af1d1c18c799 /* aiAnim.h */ = {isa = PBXFileReference; explicitFileType = sourcecode.c.h; fileEncoding = 30; name = aiAnim.h; path = ../../../addons/ofxAssimpModelLoader/libs/assimp/include/aiAnim.h; sourceTree = SOURCE_ROOT; };
		9812ab5b873dce671edd4e6ddd281e54 /* aiTypes.h */ = {isa = PBXFileReference; explicitFileType = sourcecode.c.h; fileEncoding = 30; name = aiTypes.h; path = ../../../addons/ofxAssimpModelLoader/libs/assimp/include/aiTypes.h; sourceTree = SOURCE_ROOT; };
		9d3fbfbcc1ee3203c85613ccf7e80431 /* DefaultLogger.h */ = {isa = PBXFileReference; explicitFileType = sourcecode.c.h; fileEncoding = 30; name = DefaultLogger.h; path = ../../../addons/ofxAssimpModelLoader/libs/assimp/include/DefaultLogger.h; sourceTree = SOURCE_ROOT; };
		A616830E1608D54F0023D71A /* tbzPerson.cpp */ = {isa = PBXFileReference; fileEncoding = 4; lastKnownFileType = sourcecode.cpp.cpp; path = tbzPerson.cpp; sourceTree = "<group>"; };
		A616830F1608D54F0023D71A /* tbzPerson.h */ = {isa = PBXFileReference; fileEncoding = 4; lastKnownFileType = sourcecode.c.h; path = tbzPerson.h; sourceTree = "<group>"; };
		A6168330160A0B220023D71A /* easing_terms_of_use.html */ = {isa = PBXFileReference; fileEncoding = 4; lastKnownFileType = text.html; path = easing_terms_of_use.html; sourceTree = "<group>"; };
		A6168331160A0B220023D71A /* ofxEasing.cpp */ = {isa = PBXFileReference; fileEncoding = 4; lastKnownFileType = sourcecode.cpp.cpp; path = ofxEasing.cpp; sourceTree = "<group>"; };
		A6168332160A0B220023D71A /* ofxEasing.h */ = {isa = PBXFileReference; fileEncoding = 4; lastKnownFileType = sourcecode.c.h; path = ofxEasing.h; sourceTree = "<group>"; };
		A6168333160A0B220023D71A /* ofxEasingBack.cpp */ = {isa = PBXFileReference; fileEncoding = 4; lastKnownFileType = sourcecode.cpp.cpp; path = ofxEasingBack.cpp; sourceTree = "<group>"; };
		A6168334160A0B220023D71A /* ofxEasingBack.h */ = {isa = PBXFileReference; fileEncoding = 4; lastKnownFileType = sourcecode.c.h; path = ofxEasingBack.h; sourceTree = "<group>"; };
		A6168335160A0B220023D71A /* ofxEasingBounce.cpp */ = {isa = PBXFileReference; fileEncoding = 4; lastKnownFileType = sourcecode.cpp.cpp; path = ofxEasingBounce.cpp; sourceTree = "<group>"; };
		A6168336160A0B220023D71A /* ofxEasingBounce.h */ = {isa = PBXFileReference; fileEncoding = 4; lastKnownFileType = sourcecode.c.h; path = ofxEasingBounce.h; sourceTree = "<group>"; };
		A6168337160A0B220023D71A /* ofxEasingCirc.cpp */ = {isa = PBXFileReference; fileEncoding = 4; lastKnownFileType = sourcecode.cpp.cpp; path = ofxEasingCirc.cpp; sourceTree = "<group>"; };
		A6168338160A0B220023D71A /* ofxEasingCirc.h */ = {isa = PBXFileReference; fileEncoding = 4; lastKnownFileType = sourcecode.c.h; path = ofxEasingCirc.h; sourceTree = "<group>"; };
		A6168339160A0B220023D71A /* ofxEasingCubic.cpp */ = {isa = PBXFileReference; fileEncoding = 4; lastKnownFileType = sourcecode.cpp.cpp; path = ofxEasingCubic.cpp; sourceTree = "<group>"; };
		A616833A160A0B220023D71A /* ofxEasingCubic.h */ = {isa = PBXFileReference; fileEncoding = 4; lastKnownFileType = sourcecode.c.h; path = ofxEasingCubic.h; sourceTree = "<group>"; };
		A616833B160A0B220023D71A /* ofxEasingElastic.cpp */ = {isa = PBXFileReference; fileEncoding = 4; lastKnownFileType = sourcecode.cpp.cpp; path = ofxEasingElastic.cpp; sourceTree = "<group>"; };
		A616833C160A0B220023D71A /* ofxEasingElastic.h */ = {isa = PBXFileReference; fileEncoding = 4; lastKnownFileType = sourcecode.c.h; path = ofxEasingElastic.h; sourceTree = "<group>"; };
		A616833D160A0B220023D71A /* ofxEasingExpo.cpp */ = {isa = PBXFileReference; fileEncoding = 4; lastKnownFileType = sourcecode.cpp.cpp; path = ofxEasingExpo.cpp; sourceTree = "<group>"; };
		A616833E160A0B220023D71A /* ofxEasingExpo.h */ = {isa = PBXFileReference; fileEncoding = 4; lastKnownFileType = sourcecode.c.h; path = ofxEasingExpo.h; sourceTree = "<group>"; };
		A616833F160A0B220023D71A /* ofxEasingLinear.cpp */ = {isa = PBXFileReference; fileEncoding = 4; lastKnownFileType = sourcecode.cpp.cpp; path = ofxEasingLinear.cpp; sourceTree = "<group>"; };
		A6168340160A0B220023D71A /* ofxEasingLinear.h */ = {isa = PBXFileReference; fileEncoding = 4; lastKnownFileType = sourcecode.c.h; path = ofxEasingLinear.h; sourceTree = "<group>"; };
		A6168341160A0B220023D71A /* ofxEasingQuad.cpp */ = {isa = PBXFileReference; fileEncoding = 4; lastKnownFileType = sourcecode.cpp.cpp; path = ofxEasingQuad.cpp; sourceTree = "<group>"; };
		A6168342160A0B220023D71A /* ofxEasingQuad.h */ = {isa = PBXFileReference; fileEncoding = 4; lastKnownFileType = sourcecode.c.h; path = ofxEasingQuad.h; sourceTree = "<group>"; };
		A6168343160A0B220023D71A /* ofxEasingQuart.cpp */ = {isa = PBXFileReference; fileEncoding = 4; lastKnownFileType = sourcecode.cpp.cpp; path = ofxEasingQuart.cpp; sourceTree = "<group>"; };
		A6168344160A0B220023D71A /* ofxEasingQuart.h */ = {isa = PBXFileReference; fileEncoding = 4; lastKnownFileType = sourcecode.c.h; path = ofxEasingQuart.h; sourceTree = "<group>"; };
		A6168345160A0B220023D71A /* ofxEasingQuint.cpp */ = {isa = PBXFileReference; fileEncoding = 4; lastKnownFileType = sourcecode.cpp.cpp; path = ofxEasingQuint.cpp; sourceTree = "<group>"; };
		A6168346160A0B220023D71A /* ofxEasingQuint.h */ = {isa = PBXFileReference; fileEncoding = 4; lastKnownFileType = sourcecode.c.h; path = ofxEasingQuint.h; sourceTree = "<group>"; };
		A6168347160A0B220023D71A /* ofxEasingSine.cpp */ = {isa = PBXFileReference; fileEncoding = 4; lastKnownFileType = sourcecode.cpp.cpp; path = ofxEasingSine.cpp; sourceTree = "<group>"; };
		A6168348160A0B220023D71A /* ofxEasingSine.h */ = {isa = PBXFileReference; fileEncoding = 4; lastKnownFileType = sourcecode.c.h; path = ofxEasingSine.h; sourceTree = "<group>"; };
		A6168349160A0B220023D71A /* ofxTween.cpp */ = {isa = PBXFileReference; fileEncoding = 4; lastKnownFileType = sourcecode.cpp.cpp; path = ofxTween.cpp; sourceTree = "<group>"; };
		A616834A160A0B220023D71A /* ofxTween.h */ = {isa = PBXFileReference; fileEncoding = 4; lastKnownFileType = sourcecode.c.h; path = ofxTween.h; sourceTree = "<group>"; };
		A656A27615EF82AF007802DB /* tbzPlatformDefineTests.h */ = {isa = PBXFileReference; lastKnownFileType = sourcecode.c.h; path = tbzPlatformDefineTests.h; sourceTree = "<group>"; };
		A662194315E3B657003B8ACB /* tinyxml.cpp */ = {isa = PBXFileReference; fileEncoding = 4; lastKnownFileType = sourcecode.cpp.cpp; path = tinyxml.cpp; sourceTree = "<group>"; };
		A662194415E3B657003B8ACB /* tinyxml.h */ = {isa = PBXFileReference; fileEncoding = 4; lastKnownFileType = sourcecode.c.h; path = tinyxml.h; sourceTree = "<group>"; };
		A662194515E3B657003B8ACB /* tinyxmlerror.cpp */ = {isa = PBXFileReference; fileEncoding = 4; lastKnownFileType = sourcecode.cpp.cpp; path = tinyxmlerror.cpp; sourceTree = "<group>"; };
		A662194615E3B657003B8ACB /* tinyxmlparser.cpp */ = {isa = PBXFileReference; fileEncoding = 4; lastKnownFileType = sourcecode.cpp.cpp; path = tinyxmlparser.cpp; sourceTree = "<group>"; };
		A662194815E3B657003B8ACB /* ofxXmlSettings.cpp */ = {isa = PBXFileReference; fileEncoding = 4; lastKnownFileType = sourcecode.cpp.cpp; path = ofxXmlSettings.cpp; sourceTree = "<group>"; };
		A662194915E3B657003B8ACB /* ofxXmlSettings.h */ = {isa = PBXFileReference; fileEncoding = 4; lastKnownFileType = sourcecode.c.h; path = ofxXmlSettings.h; sourceTree = "<group>"; };
		A6621A7615E6A71D003B8ACB /* tbzSocialMessage.cpp */ = {isa = PBXFileReference; fileEncoding = 4; lastKnownFileType = sourcecode.cpp.cpp; path = tbzSocialMessage.cpp; sourceTree = "<group>"; };
		A6621A7715E6A71D003B8ACB /* tbzSocialMessage.h */ = {isa = PBXFileReference; fileEncoding = 4; lastKnownFileType = sourcecode.c.h; path = tbzSocialMessage.h; sourceTree = "<group>"; };
		A6621A7B15E6D44E003B8ACB /* agg_basics.h */ = {isa = PBXFileReference; lastKnownFileType = sourcecode.c.h; name = agg_basics.h; path = _thirdParty/agg_basics.h; sourceTree = "<group>"; };
		A6621A7C15E6D474003B8ACB /* agg_config.h */ = {isa = PBXFileReference; lastKnownFileType = sourcecode.c.h; name = agg_config.h; path = _thirdParty/agg_config.h; sourceTree = "<group>"; };
		A6621A7F15E6EBFA003B8ACB /* agg_trans_bilinear.h */ = {isa = PBXFileReference; lastKnownFileType = sourcecode.c.h; name = agg_trans_bilinear.h; path = _thirdParty/agg_trans_bilinear.h; sourceTree = "<group>"; };
		A6621A8015E6EC22003B8ACB /* agg_simul_eq.h */ = {isa = PBXFileReference; lastKnownFileType = sourcecode.c.h; name = agg_simul_eq.h; path = _thirdParty/agg_simul_eq.h; sourceTree = "<group>"; };
		A663E08915ED333F00846683 /* tbzEventSiteSettingsXMLMaker.h */ = {isa = PBXFileReference; lastKnownFileType = sourcecode.c.h; path = tbzEventSiteSettingsXMLMaker.h; sourceTree = "<group>"; };
		A672EAA9161361E500C347E0 /* ofxHttpTypes.h */ = {isa = PBXFileReference; fileEncoding = 4; lastKnownFileType = sourcecode.c.h; path = ofxHttpTypes.h; sourceTree = "<group>"; };
		A672EAAA161361E500C347E0 /* ofxHttpUtils.cpp */ = {isa = PBXFileReference; fileEncoding = 4; lastKnownFileType = sourcecode.cpp.cpp; path = ofxHttpUtils.cpp; sourceTree = "<group>"; };
		A672EAAB161361E500C347E0 /* ofxHttpUtils.h */ = {isa = PBXFileReference; fileEncoding = 4; lastKnownFileType = sourcecode.c.h; path = ofxHttpUtils.h; sourceTree = "<group>"; };
		A672EAC41613622000C347E0 /* ofxMSAInteractiveObject.cpp */ = {isa = PBXFileReference; fileEncoding = 4; lastKnownFileType = sourcecode.cpp.cpp; path = ofxMSAInteractiveObject.cpp; sourceTree = "<group>"; };
		A672EAC51613622000C347E0 /* ofxMSAInteractiveObject.h */ = {isa = PBXFileReference; fileEncoding = 4; lastKnownFileType = sourcecode.c.h; path = ofxMSAInteractiveObject.h; sourceTree = "<group>"; };
		A672EACD1613631200C347E0 /* tbzServerConnector.cpp */ = {isa = PBXFileReference; fileEncoding = 4; lastKnownFileType = sourcecode.cpp.cpp; path = tbzServerConnector.cpp; sourceTree = "<group>"; };
		A672EACE1613631200C347E0 /* tbzServerConnector.h */ = {isa = PBXFileReference; fileEncoding = 4; lastKnownFileType = sourcecode.c.h; path = tbzServerConnector.h; sourceTree = "<group>"; };
		A673DBFA160266A6007B5D6D /* tbzScreenScale.h */ = {isa = PBXFileReference; fileEncoding = 4; lastKnownFileType = sourcecode.c.h; path = tbzScreenScale.h; sourceTree = "<group>"; };
		A68BEDFF1610889300802EB6 /* ofxBaseKeyframe.h */ = {isa = PBXFileReference; fileEncoding = 4; lastKnownFileType = sourcecode.c.h; path = ofxBaseKeyframe.h; sourceTree = "<group>"; };
		A68BEE001610889300802EB6 /* ofxEasingExt.h */ = {isa = PBXFileReference; fileEncoding = 4; lastKnownFileType = sourcecode.c.h; path = ofxEasingExt.h; sourceTree = "<group>"; };
		A68BEE011610889300802EB6 /* ofxEventKeyframe.cpp */ = {isa = PBXFileReference; fileEncoding = 4; lastKnownFileType = sourcecode.cpp.cpp; path = ofxEventKeyframe.cpp; sourceTree = "<group>"; };
		A68BEE021610889300802EB6 /* ofxEventKeyframe.h */ = {isa = PBXFileReference; fileEncoding = 4; lastKnownFileType = sourcecode.c.h; path = ofxEventKeyframe.h; sourceTree = "<group>"; };
		A68BEE031610889300802EB6 /* ofxKeyframe.cpp */ = {isa = PBXFileReference; fileEncoding = 4; lastKnownFileType = sourcecode.cpp.cpp; path = ofxKeyframe.cpp; sourceTree = "<group>"; };
		A68BEE041610889300802EB6 /* ofxKeyframe.h */ = {isa = PBXFileReference; fileEncoding = 4; lastKnownFileType = sourcecode.c.h; path = ofxKeyframe.h; sourceTree = "<group>"; };
		A68BEE051610889300802EB6 /* ofxPlaylist.cpp */ = {isa = PBXFileReference; fileEncoding = 4; lastKnownFileType = sourcecode.cpp.cpp; path = ofxPlaylist.cpp; sourceTree = "<group>"; };
		A68BEE061610889300802EB6 /* ofxPlaylist.h */ = {isa = PBXFileReference; fileEncoding = 4; lastKnownFileType = sourcecode.c.h; path = ofxPlaylist.h; sourceTree = "<group>"; };
		A68BEE071610889300802EB6 /* ofxPlaylistAEHelper.h */ = {isa = PBXFileReference; fileEncoding = 4; lastKnownFileType = sourcecode.c.h; path = ofxPlaylistAEHelper.h; sourceTree = "<group>"; };
		A6A8948F1615D2C80011E0F4 /* tbzDataLogger.cpp */ = {isa = PBXFileReference; fileEncoding = 4; lastKnownFileType = sourcecode.cpp.cpp; path = tbzDataLogger.cpp; sourceTree = "<group>"; };
		A6A894901615D2C80011E0F4 /* tbzDataLogger.h */ = {isa = PBXFileReference; fileEncoding = 4; lastKnownFileType = sourcecode.c.h; path = tbzDataLogger.h; sourceTree = "<group>"; };
		A6ABE76B15F4CE9400D51B3C /* tbzVenue.cpp */ = {isa = PBXFileReference; fileEncoding = 4; lastKnownFileType = sourcecode.cpp.cpp; lineEnding = 0; path = tbzVenue.cpp; sourceTree = "<group>"; };
		A6ABE76C15F4CE9400D51B3C /* tbzVenue.h */ = {isa = PBXFileReference; fileEncoding = 4; lastKnownFileType = sourcecode.c.h; lineEnding = 0; path = tbzVenue.h; sourceTree = "<group>"; };
		A6ABE77A15F4D68D00D51B3C /* ioapi.c */ = {isa = PBXFileReference; fileEncoding = 4; lastKnownFileType = sourcecode.c.c; path = ioapi.c; sourceTree = "<group>"; };
		A6ABE77B15F4D68D00D51B3C /* ioapi.h */ = {isa = PBXFileReference; fileEncoding = 4; lastKnownFileType = sourcecode.c.h; path = ioapi.h; sourceTree = "<group>"; };
		A6ABE77C15F4D68D00D51B3C /* unzip.c */ = {isa = PBXFileReference; fileEncoding = 4; lastKnownFileType = sourcecode.c.c; path = unzip.c; sourceTree = "<group>"; };
		A6ABE77D15F4D68D00D51B3C /* unzip.h */ = {isa = PBXFileReference; fileEncoding = 4; lastKnownFileType = sourcecode.c.h; path = unzip.h; sourceTree = "<group>"; };
		A6ABE77E15F4D68D00D51B3C /* README */ = {isa = PBXFileReference; fileEncoding = 4; lastKnownFileType = text; path = README; sourceTree = "<group>"; };
		A6ABE78115F4D68D00D51B3C /* ofxUnZip.cpp */ = {isa = PBXFileReference; fileEncoding = 4; lastKnownFileType = sourcecode.cpp.cpp; path = ofxUnZip.cpp; sourceTree = "<group>"; };
		A6ABE78215F4D68D00D51B3C /* ofxUnZip.h */ = {isa = PBXFileReference; fileEncoding = 4; lastKnownFileType = sourcecode.c.h; path = ofxUnZip.h; sourceTree = "<group>"; };
		A6B3152115D2E6D3002F427A /* ofxMtActionsObject.cpp */ = {isa = PBXFileReference; fileEncoding = 4; lastKnownFileType = sourcecode.cpp.cpp; name = ofxMtActionsObject.cpp; path = ../../../../addons/ofxMtActions/src/ofxMtActionsObject.cpp; sourceTree = "<group>"; };
		A6B3152215D2E6D3002F427A /* ofxMtActionsObject.h */ = {isa = PBXFileReference; fileEncoding = 4; lastKnownFileType = sourcecode.c.h; name = ofxMtActionsObject.h; path = ../../../../addons/ofxMtActions/src/ofxMtActionsObject.h; sourceTree = "<group>"; };
		A6B3152315D2E6D3002F427A /* ofxMtActionTouch.h */ = {isa = PBXFileReference; fileEncoding = 4; lastKnownFileType = sourcecode.c.h; name = ofxMtActionTouch.h; path = ../../../../addons/ofxMtActions/src/ofxMtActionTouch.h; sourceTree = "<group>"; };
		A6B3152E15D2E6D3002F427A /* ofxMtObject.cpp */ = {isa = PBXFileReference; fileEncoding = 4; lastKnownFileType = sourcecode.cpp.cpp; name = ofxMtObject.cpp; path = ../../../../addons/ofxMultiTouchObject/src/ofxMtObject.cpp; sourceTree = "<group>"; };
		A6B3152F15D2E6D3002F427A /* ofxMtObject.h */ = {isa = PBXFileReference; fileEncoding = 4; lastKnownFileType = sourcecode.c.h; name = ofxMtObject.h; path = ../../../../addons/ofxMultiTouchObject/src/ofxMtObject.h; sourceTree = "<group>"; };
		A6B3153015D2E6D3002F427A /* ofxMtObjectEvents.h */ = {isa = PBXFileReference; fileEncoding = 4; lastKnownFileType = sourcecode.c.h; name = ofxMtObjectEvents.h; path = ../../../../addons/ofxMultiTouchObject/src/ofxMtObjectEvents.h; sourceTree = "<group>"; };
		A6B3153F15D2E89A002F427A /* tbzEventSite.h */ = {isa = PBXFileReference; fileEncoding = 4; lastKnownFileType = sourcecode.c.h; path = tbzEventSite.h; sourceTree = "<group>"; };
		A6B32430160B688A007DEEB6 /* tbzTweet.cpp */ = {isa = PBXFileReference; fileEncoding = 4; lastKnownFileType = sourcecode.cpp.cpp; path = tbzTweet.cpp; sourceTree = "<group>"; };
		A6B32431160B688A007DEEB6 /* tbzTweet.h */ = {isa = PBXFileReference; fileEncoding = 4; lastKnownFileType = sourcecode.c.h; path = tbzTweet.h; sourceTree = "<group>"; };
		A6CA65191607202D002F6A15 /* dump.c */ = {isa = PBXFileReference; fileEncoding = 4; lastKnownFileType = sourcecode.c.c; path = dump.c; sourceTree = "<group>"; };
		A6CA651A1607202D002F6A15 /* error.c */ = {isa = PBXFileReference; fileEncoding = 4; lastKnownFileType = sourcecode.c.c; path = error.c; sourceTree = "<group>"; };
		A6CA651B1607202D002F6A15 /* hashtable.c */ = {isa = PBXFileReference; fileEncoding = 4; lastKnownFileType = sourcecode.c.c; path = hashtable.c; sourceTree = "<group>"; };
		A6CA651C1607202D002F6A15 /* hashtable.h */ = {isa = PBXFileReference; fileEncoding = 4; lastKnownFileType = sourcecode.c.h; path = hashtable.h; sourceTree = "<group>"; };
		A6CA651D1607202D002F6A15 /* jansson.h */ = {isa = PBXFileReference; fileEncoding = 4; lastKnownFileType = sourcecode.c.h; path = jansson.h; sourceTree = "<group>"; };
		A6CA651E1607202D002F6A15 /* jansson_config.h */ = {isa = PBXFileReference; fileEncoding = 4; lastKnownFileType = sourcecode.c.h; path = jansson_config.h; sourceTree = "<group>"; };
		A6CA651F1607202D002F6A15 /* jansson_private.h */ = {isa = PBXFileReference; fileEncoding = 4; lastKnownFileType = sourcecode.c.h; path = jansson_private.h; sourceTree = "<group>"; };
		A6CA65201607202D002F6A15 /* load.c */ = {isa = PBXFileReference; fileEncoding = 4; lastKnownFileType = sourcecode.c.c; path = load.c; sourceTree = "<group>"; };
		A6CA65211607202D002F6A15 /* memory.c */ = {isa = PBXFileReference; fileEncoding = 4; lastKnownFileType = sourcecode.c.c; path = memory.c; sourceTree = "<group>"; };
		A6CA65221607202D002F6A15 /* pack_unpack.c */ = {isa = PBXFileReference; fileEncoding = 4; lastKnownFileType = sourcecode.c.c; path = pack_unpack.c; sourceTree = "<group>"; };
		A6CA65231607202D002F6A15 /* strbuffer.c */ = {isa = PBXFileReference; fileEncoding = 4; lastKnownFileType = sourcecode.c.c; path = strbuffer.c; sourceTree = "<group>"; };
		A6CA65241607202D002F6A15 /* strbuffer.h */ = {isa = PBXFileReference; fileEncoding = 4; lastKnownFileType = sourcecode.c.h; path = strbuffer.h; sourceTree = "<group>"; };
		A6CA65251607202D002F6A15 /* utf.c */ = {isa = PBXFileReference; fileEncoding = 4; lastKnownFileType = sourcecode.c.c; path = utf.c; sourceTree = "<group>"; };
		A6CA65261607202D002F6A15 /* utf.h */ = {isa = PBXFileReference; fileEncoding = 4; lastKnownFileType = sourcecode.c.h; path = utf.h; sourceTree = "<group>"; };
		A6CA65271607202D002F6A15 /* value.c */ = {isa = PBXFileReference; fileEncoding = 4; lastKnownFileType = sourcecode.c.c; path = value.c; sourceTree = "<group>"; };
		A6CA65291607202D002F6A15 /* modp_b64.c */ = {isa = PBXFileReference; fileEncoding = 4; lastKnownFileType = sourcecode.c.c; path = modp_b64.c; sourceTree = "<group>"; };
		A6CA652A1607202D002F6A15 /* modp_b64.h */ = {isa = PBXFileReference; fileEncoding = 4; lastKnownFileType = sourcecode.c.h; path = modp_b64.h; sourceTree = "<group>"; };
		A6CA652B1607202D002F6A15 /* modp_b64_data.h */ = {isa = PBXFileReference; fileEncoding = 4; lastKnownFileType = sourcecode.c.h; path = modp_b64_data.h; sourceTree = "<group>"; };
		A6CA652C1607202D002F6A15 /* ofxTweet.cpp */ = {isa = PBXFileReference; fileEncoding = 4; lastKnownFileType = sourcecode.cpp.cpp; path = ofxTweet.cpp; sourceTree = "<group>"; };
		A6CA652D1607202D002F6A15 /* ofxTweet.h */ = {isa = PBXFileReference; fileEncoding = 4; lastKnownFileType = sourcecode.c.h; path = ofxTweet.h; sourceTree = "<group>"; };
		A6CA652E1607202D002F6A15 /* ofxTwitter.cpp */ = {isa = PBXFileReference; fileEncoding = 4; lastKnownFileType = sourcecode.cpp.cpp; path = ofxTwitter.cpp; sourceTree = "<group>"; };
		A6CA652F1607202D002F6A15 /* ofxTwitter.h */ = {isa = PBXFileReference; fileEncoding = 4; lastKnownFileType = sourcecode.c.h; path = ofxTwitter.h; sourceTree = "<group>"; };
		A6CA65301607202D002F6A15 /* ofxTwitterConnector.cpp */ = {isa = PBXFileReference; fileEncoding = 4; lastKnownFileType = sourcecode.cpp.cpp; path = ofxTwitterConnector.cpp; sourceTree = "<group>"; };
		A6CA65311607202D002F6A15 /* ofxTwitterConnector.h */ = {isa = PBXFileReference; fileEncoding = 4; lastKnownFileType = sourcecode.c.h; path = ofxTwitterConnector.h; sourceTree = "<group>"; };
		A6CA654216072311002F6A15 /* ofxTwitterStreamConnector.cpp */ = {isa = PBXFileReference; fileEncoding = 4; lastKnownFileType = sourcecode.cpp.cpp; path = ofxTwitterStreamConnector.cpp; sourceTree = "<group>"; };
		A6CA654316072312002F6A15 /* ofxTwitterStreamConnector.h */ = {isa = PBXFileReference; fileEncoding = 4; lastKnownFileType = sourcecode.c.h; path = ofxTwitterStreamConnector.h; sourceTree = "<group>"; };
		A6CA654516072947002F6A15 /* ofxTwitterSearchConnector.cpp */ = {isa = PBXFileReference; fileEncoding = 4; lastKnownFileType = sourcecode.cpp.cpp; path = ofxTwitterSearchConnector.cpp; sourceTree = "<group>"; };
		A6CA654616072947002F6A15 /* ofxTwitterSearchConnector.h */ = {isa = PBXFileReference; fileEncoding = 4; lastKnownFileType = sourcecode.c.h; path = ofxTwitterSearchConnector.h; sourceTree = "<group>"; };
		A6CA654816077E70002F6A15 /* tbzCaptionGraphic.cpp */ = {isa = PBXFileReference; fileEncoding = 4; lastKnownFileType = sourcecode.cpp.cpp; path = tbzCaptionGraphic.cpp; sourceTree = "<group>"; };
		A6CA654916077E70002F6A15 /* tbzCaptionGraphic.h */ = {isa = PBXFileReference; fileEncoding = 4; lastKnownFileType = sourcecode.c.h; path = tbzCaptionGraphic.h; sourceTree = "<group>"; };
		A6D7F2F1160CF64100D01D6F /* tbzScreenScale.mm */ = {isa = PBXFileReference; fileEncoding = 4; lastKnownFileType = sourcecode.cpp.objcpp; path = tbzScreenScale.mm; sourceTree = "<group>"; };
		A6F37EB015DD430B00D819F6 /* ofxGeometry.cpp */ = {isa = PBXFileReference; fileEncoding = 4; lastKnownFileType = sourcecode.cpp.cpp; name = ofxGeometry.cpp; path = ../../../../addons/ofxGeometry/ofxGeometry.cpp; sourceTree = "<group>"; };
		A6F37EB115DD430B00D819F6 /* ofxGeometry.h */ = {isa = PBXFileReference; fileEncoding = 4; lastKnownFileType = sourcecode.c.h; name = ofxGeometry.h; path = ../../../../addons/ofxGeometry/ofxGeometry.h; sourceTree = "<group>"; };
		A6F37EB315DD55F100D819F6 /* tbzEventSite.cpp */ = {isa = PBXFileReference; fileEncoding = 4; lastKnownFileType = sourcecode.cpp.cpp; path = tbzEventSite.cpp; sourceTree = "<group>"; };
		A6F45A5F160B17B900CFB98F /* tbzKMZReader.cpp */ = {isa = PBXFileReference; fileEncoding = 4; lastKnownFileType = sourcecode.cpp.cpp; path = tbzKMZReader.cpp; sourceTree = "<group>"; };
		A6F45A60160B17B900CFB98F /* tbzKMZReader.h */ = {isa = PBXFileReference; fileEncoding = 4; lastKnownFileType = sourcecode.c.h; path = tbzKMZReader.h; sourceTree = "<group>"; };
		BB16EBD10F2B2A9500518274 /* OpenGLES.framework */ = {isa = PBXFileReference; lastKnownFileType = wrapper.framework; name = OpenGLES.framework; path = System/Library/Frameworks/OpenGLES.framework; sourceTree = SDKROOT; };
		BB16EBD80F2B2AB500518274 /* QuartzCore.framework */ = {isa = PBXFileReference; lastKnownFileType = wrapper.framework; name = QuartzCore.framework; path = System/Library/Frameworks/QuartzCore.framework; sourceTree = SDKROOT; };
		BB24DD8C10DA77E000E9C588 /* Default.png */ = {isa = PBXFileReference; lastKnownFileType = image.png; path = Default.png; sourceTree = "<group>"; };
		BB24DD8D10DA77E000E9C588 /* Icon.png */ = {isa = PBXFileReference; lastKnownFileType = image.png; path = Icon.png; sourceTree = "<group>"; };
		BB24DDC910DA781C00E9C588 /* ofxiphone-Info.plist */ = {isa = PBXFileReference; fileEncoding = 4; lastKnownFileType = text.plist.xml; path = "ofxiphone-Info.plist"; sourceTree = "<group>"; };
		BBE5EAB70F49AD8400F28951 /* AudioToolbox.framework */ = {isa = PBXFileReference; lastKnownFileType = wrapper.framework; name = AudioToolbox.framework; path = System/Library/Frameworks/AudioToolbox.framework; sourceTree = SDKROOT; };
		E41D3ED613B38FB500A75A5D /* Project.xcconfig */ = {isa = PBXFileReference; fileEncoding = 4; lastKnownFileType = text.xcconfig; path = Project.xcconfig; sourceTree = "<group>"; };
		E41D3EE513B3906D00A75A5D /* CoreOF.xcconfig */ = {isa = PBXFileReference; fileEncoding = 4; lastKnownFileType = text.xcconfig; name = CoreOF.xcconfig; path = ../../../libs/openFrameworksCompiled/project/ios/CoreOF.xcconfig; sourceTree = SOURCE_ROOT; };
		E41D400613B39D2100A75A5D /* AVFoundation.framework */ = {isa = PBXFileReference; lastKnownFileType = wrapper.framework; name = AVFoundation.framework; path = System/Library/Frameworks/AVFoundation.framework; sourceTree = SDKROOT; };
		E41D400713B39D2100A75A5D /* CoreMedia.framework */ = {isa = PBXFileReference; lastKnownFileType = wrapper.framework; name = CoreMedia.framework; path = System/Library/Frameworks/CoreMedia.framework; sourceTree = SDKROOT; };
		E41D400813B39D2100A75A5D /* CoreVideo.framework */ = {isa = PBXFileReference; lastKnownFileType = wrapper.framework; name = CoreVideo.framework; path = System/Library/Frameworks/CoreVideo.framework; sourceTree = SDKROOT; };
		E41D400913B39D2100A75A5D /* MapKit.framework */ = {isa = PBXFileReference; lastKnownFileType = wrapper.framework; name = MapKit.framework; path = System/Library/Frameworks/MapKit.framework; sourceTree = SDKROOT; };
		E41D40FD13B3A0D800A75A5D /* iOS+OFLib.xcodeproj */ = {isa = PBXFileReference; lastKnownFileType = "wrapper.pb-project"; name = "iOS+OFLib.xcodeproj"; path = "../../../libs/openFrameworksCompiled/project/ios/iOS+OFLib.xcodeproj"; sourceTree = SOURCE_ROOT; };
		E4A823A312561BE3002F86A2 /* CoreGraphics.framework */ = {isa = PBXFileReference; lastKnownFileType = wrapper.framework; name = CoreGraphics.framework; path = System/Library/Frameworks/CoreGraphics.framework; sourceTree = SDKROOT; };
		E4D8936B11527B74007E1F53 /* main.mm */ = {isa = PBXFileReference; fileEncoding = 4; lastKnownFileType = sourcecode.cpp.objcpp; name = main.mm; path = src/main.mm; sourceTree = SOURCE_ROOT; };
		E4D8936C11527B74007E1F53 /* testApp.h */ = {isa = PBXFileReference; fileEncoding = 4; lastKnownFileType = sourcecode.c.h; name = testApp.h; path = src/testApp.h; sourceTree = SOURCE_ROOT; };
		E4D8936D11527B74007E1F53 /* testApp.mm */ = {isa = PBXFileReference; fileEncoding = 4; lastKnownFileType = sourcecode.cpp.objcpp; name = testApp.mm; path = src/testApp.mm; sourceTree = SOURCE_ROOT; };
		b170ee628be77202946345e5f0de71e9 /* aiPostProcess.h */ = {isa = PBXFileReference; explicitFileType = sourcecode.c.h; fileEncoding = 30; name = aiPostProcess.h; path = ../../../addons/ofxAssimpModelLoader/libs/assimp/include/aiPostProcess.h; sourceTree = SOURCE_ROOT; };
		c5527ea29f52ffa0c868e1b945f4c509 /* NullLogger.h */ = {isa = PBXFileReference; explicitFileType = sourcecode.c.h; fileEncoding = 30; name = NullLogger.h; path = ../../../addons/ofxAssimpModelLoader/libs/assimp/include/NullLogger.h; sourceTree = SOURCE_ROOT; };
		c72403edcb7dcaec60d1dcdd13017e0c /* aiVersion.h */ = {isa = PBXFileReference; explicitFileType = sourcecode.c.h; fileEncoding = 30; name = aiVersion.h; path = ../../../addons/ofxAssimpModelLoader/libs/assimp/include/aiVersion.h; sourceTree = SOURCE_ROOT; };
		c878437fc072e5d613f2495ac838b698 /* aiTexture.h */ = {isa = PBXFileReference; explicitFileType = sourcecode.c.h; fileEncoding = 30; name = aiTexture.h; path = ../../../addons/ofxAssimpModelLoader/libs/assimp/include/aiTexture.h; sourceTree = SOURCE_ROOT; };
		cb6e898fb329c46ec3def46127b7f74e /* aiMatrix4x4.h */ = {isa = PBXFileReference; explicitFileType = sourcecode.c.h; fileEncoding = 30; name = aiMatrix4x4.h; path = ../../../addons/ofxAssimpModelLoader/libs/assimp/include/aiMatrix4x4.h; sourceTree = SOURCE_ROOT; };
		cc940533e79102644e0eba5599fb0fb6 /* IOStream.h */ = {isa = PBXFileReference; explicitFileType = sourcecode.c.h; fileEncoding = 30; name = IOStream.h; path = ../../../addons/ofxAssimpModelLoader/libs/assimp/include/IOStream.h; sourceTree = SOURCE_ROOT; };
		cea5b41d15f295720fffa3399919411b /* ofx3DBaseLoader.h */ = {isa = PBXFileReference; explicitFileType = sourcecode.c.h; fileEncoding = 30; name = ofx3DBaseLoader.h; path = ../../../addons/ofxAssimpModelLoader/src/ofx3DBaseLoader.h; sourceTree = SOURCE_ROOT; };
		da9359f0f209e6a0b17ddb7d2000d1a0 /* aiQuaternion.h */ = {isa = PBXFileReference; explicitFileType = sourcecode.c.h; fileEncoding = 30; name = aiQuaternion.h; path = ../../../addons/ofxAssimpModelLoader/libs/assimp/include/aiQuaternion.h; sourceTree = SOURCE_ROOT; };
		e15a2aa8d846b3107aacc31edd2b9a3b /* aiVector3D.h */ = {isa = PBXFileReference; explicitFileType = sourcecode.c.h; fileEncoding = 30; name = aiVector3D.h; path = ../../../addons/ofxAssimpModelLoader/libs/assimp/include/aiVector3D.h; sourceTree = SOURCE_ROOT; };
		ede55d82bd962dac0e94b708addc77b6 /* ofxAssimpModelLoader.cpp */ = {isa = PBXFileReference; explicitFileType = sourcecode.cpp.cpp; fileEncoding = 30; name = ofxAssimpModelLoader.cpp; path = ../../../addons/ofxAssimpModelLoader/src/ofxAssimpModelLoader.cpp; sourceTree = SOURCE_ROOT; };
		f0bbbd032d905d92679d83e6230f3578 /* ofxAssimpMeshHelper.h */ = {isa = PBXFileReference; explicitFileType = sourcecode.c.h; fileEncoding = 30; name = ofxAssimpMeshHelper.h; path = ../../../addons/ofxAssimpModelLoader/src/ofxAssimpMeshHelper.h; sourceTree = SOURCE_ROOT; };
		f82ef0c060cbdac33ab84f2739ec546a /* aiMaterial.h */ = {isa = PBXFileReference; explicitFileType = sourcecode.c.h; fileEncoding = 30; name = aiMaterial.h; path = ../../../addons/ofxAssimpModelLoader/libs/assimp/include/aiMaterial.h; sourceTree = SOURCE_ROOT; };
/* End PBXFileReference section */

/* Begin PBXFrameworksBuildPhase section */
		1D60588F0D05DD3D006BFB54 /* Frameworks */ = {
			isa = PBXFrameworksBuildPhase;
			buildActionMask = 2147483647;
			files = (
				E41D421413B3A95300A75A5D /* libofxiPhone_iphoneos_Debug.a in Frameworks */,
				1D60589F0D05DD5A006BFB54 /* Foundation.framework in Frameworks */,
				1DF5F4E00D08C38300B7A737 /* UIKit.framework in Frameworks */,
				288765FD0DF74451002DB57D /* CoreGraphics.framework in Frameworks */,
				BB16EBD20F2B2A9500518274 /* OpenGLES.framework in Frameworks */,
				BB16EBD90F2B2AB500518274 /* QuartzCore.framework in Frameworks */,
				BBE5EAB80F49AD8400F28951 /* AudioToolbox.framework in Frameworks */,
				53F323EB10A20EDB00E0DAE4 /* OpenAL.framework in Frameworks */,
				5326AEA810A23A0500278DE6 /* CoreLocation.framework in Frameworks */,
				E4A823A412561BE3002F86A2 /* CoreGraphics.framework in Frameworks */,
				E41D400B13B39D2100A75A5D /* AVFoundation.framework in Frameworks */,
				E41D400C13B39D2100A75A5D /* CoreMedia.framework in Frameworks */,
				E41D400D13B39D2100A75A5D /* CoreVideo.framework in Frameworks */,
				E41D400E13B39D2100A75A5D /* MapKit.framework in Frameworks */,
			);
			runOnlyForDeploymentPostprocessing = 0;
		};
/* End PBXFrameworksBuildPhase section */

/* Begin PBXGroup section */
		19C28FACFE9D520D11CA2CBB /* Products */ = {
			isa = PBXGroup;
			children = (
				1D6058910D05DD3D006BFB54 /* IMCFestivalApp.app */,
			);
			name = Products;
			sourceTree = "<group>";
		};
		29B97314FDCFA39411CA2CEA /* CustomTemplate */ = {
			isa = PBXGroup;
			children = (
				E4D8936A11527B74007E1F53 /* src */,
				BB24DD8B10DA77E000E9C588 /* data */,
				BB24E1F710DAA51900E9C588 /* openFrameworks */,
				BB16F26B0F2B646B00518274 /* addons */,
				BB16E9930F2B1E5900518274 /* libs */,
				19C28FACFE9D520D11CA2CBB /* Products */,
			);
			name = CustomTemplate;
			sourceTree = "<group>";
		};
		29B97323FDCFA39411CA2CEA /* core frameworks */ = {
			isa = PBXGroup;
			children = (
				E41D400613B39D2100A75A5D /* AVFoundation.framework */,
				E41D400713B39D2100A75A5D /* CoreMedia.framework */,
				E41D400813B39D2100A75A5D /* CoreVideo.framework */,
				E41D400913B39D2100A75A5D /* MapKit.framework */,
				53F323EA10A20EDB00E0DAE4 /* OpenAL.framework */,
				E4A823A312561BE3002F86A2 /* CoreGraphics.framework */,
				BBE5EAB70F49AD8400F28951 /* AudioToolbox.framework */,
				BB16EBD80F2B2AB500518274 /* QuartzCore.framework */,
				BB16EBD10F2B2A9500518274 /* OpenGLES.framework */,
				1DF5F4DF0D08C38300B7A737 /* UIKit.framework */,
				1D30AB110D05D00D00671497 /* Foundation.framework */,
				288765FC0DF74451002DB57D /* CoreGraphics.framework */,
				5326AEA710A23A0500278DE6 /* CoreLocation.framework */,
			);
			name = "core frameworks";
			sourceTree = "<group>";
		};
		2c8f245acbe61e28646c17f20b185423 /* ofxAssimpModelLoader */ = {
			isa = PBXGroup;
			children = (
				9d99f547ca5c0eccb9eb980689b7dde9 /* src */,
				c721a9af1157766afe54645eb70f1a7b /* libs */,
			);
			name = ofxAssimpModelLoader;
			sourceTree = "<group>";
		};
		59905d957fde48902cf1f72978ddcb13 /* assimp */ = {
			isa = PBXGroup;
			children = (
				eefdd7ae0009ae6f77ef2a937399e1cd /* include */,
			);
			name = assimp;
			sourceTree = "<group>";
		};
		93a9152986a73da32dbd796433b96c9f /* Compiler */ = {
			isa = PBXGroup;
			children = (
				1aa18353f9701b01731dfadf228466c5 /* poppack1.h */,
				65bac5a3b9c9387859a2b0e01dd0c5e7 /* pushpack1.h */,
			);
			name = Compiler;
			sourceTree = "<group>";
		};
		9d99f547ca5c0eccb9eb980689b7dde9 /* src */ = {
			isa = PBXGroup;
			children = (
				cea5b41d15f295720fffa3399919411b /* ofx3DBaseLoader.h */,
				f0bbbd032d905d92679d83e6230f3578 /* ofxAssimpMeshHelper.h */,
				ede55d82bd962dac0e94b708addc77b6 /* ofxAssimpModelLoader.cpp */,
				7df381f656e8fd352e21346e62796c7d /* ofxAssimpModelLoader.h */,
			);
			name = src;
			sourceTree = "<group>";
		};
		A6168316160A0B220023D71A /* ofxTween */ = {
			isa = PBXGroup;
			children = (
				A616832E160A0B220023D71A /* src */,
			);
			name = ofxTween;
			path = ../../../addons/ofxTween;
			sourceTree = "<group>";
		};
		A616832E160A0B220023D71A /* src */ = {
			isa = PBXGroup;
			children = (
				A616832F160A0B220023D71A /* Easings */,
				A6168349160A0B220023D71A /* ofxTween.cpp */,
				A616834A160A0B220023D71A /* ofxTween.h */,
			);
			path = src;
			sourceTree = "<group>";
		};
		A616832F160A0B220023D71A /* Easings */ = {
			isa = PBXGroup;
			children = (
				A6168330160A0B220023D71A /* easing_terms_of_use.html */,
				A6168331160A0B220023D71A /* ofxEasing.cpp */,
				A6168332160A0B220023D71A /* ofxEasing.h */,
				A6168333160A0B220023D71A /* ofxEasingBack.cpp */,
				A6168334160A0B220023D71A /* ofxEasingBack.h */,
				A6168335160A0B220023D71A /* ofxEasingBounce.cpp */,
				A6168336160A0B220023D71A /* ofxEasingBounce.h */,
				A6168337160A0B220023D71A /* ofxEasingCirc.cpp */,
				A6168338160A0B220023D71A /* ofxEasingCirc.h */,
				A6168339160A0B220023D71A /* ofxEasingCubic.cpp */,
				A616833A160A0B220023D71A /* ofxEasingCubic.h */,
				A616833B160A0B220023D71A /* ofxEasingElastic.cpp */,
				A616833C160A0B220023D71A /* ofxEasingElastic.h */,
				A616833D160A0B220023D71A /* ofxEasingExpo.cpp */,
				A616833E160A0B220023D71A /* ofxEasingExpo.h */,
				A616833F160A0B220023D71A /* ofxEasingLinear.cpp */,
				A6168340160A0B220023D71A /* ofxEasingLinear.h */,
				A6168341160A0B220023D71A /* ofxEasingQuad.cpp */,
				A6168342160A0B220023D71A /* ofxEasingQuad.h */,
				A6168343160A0B220023D71A /* ofxEasingQuart.cpp */,
				A6168344160A0B220023D71A /* ofxEasingQuart.h */,
				A6168345160A0B220023D71A /* ofxEasingQuint.cpp */,
				A6168346160A0B220023D71A /* ofxEasingQuint.h */,
				A6168347160A0B220023D71A /* ofxEasingSine.cpp */,
				A6168348160A0B220023D71A /* ofxEasingSine.h */,
			);
			path = Easings;
			sourceTree = "<group>";
		};
		A662194115E3B657003B8ACB /* ofxXmlSettings */ = {
			isa = PBXGroup;
			children = (
				A662194215E3B657003B8ACB /* libs */,
				A662194715E3B657003B8ACB /* src */,
			);
			name = ofxXmlSettings;
			path = ../../../addons/ofxXmlSettings;
			sourceTree = "<group>";
		};
		A662194215E3B657003B8ACB /* libs */ = {
			isa = PBXGroup;
			children = (
				A662194315E3B657003B8ACB /* tinyxml.cpp */,
				A662194415E3B657003B8ACB /* tinyxml.h */,
				A662194515E3B657003B8ACB /* tinyxmlerror.cpp */,
				A662194615E3B657003B8ACB /* tinyxmlparser.cpp */,
			);
			path = libs;
			sourceTree = "<group>";
		};
		A662194715E3B657003B8ACB /* src */ = {
			isa = PBXGroup;
			children = (
				A662194815E3B657003B8ACB /* ofxXmlSettings.cpp */,
				A662194915E3B657003B8ACB /* ofxXmlSettings.h */,
			);
			path = src;
			sourceTree = "<group>";
		};
		A672EA9A161361E500C347E0 /* ofxHttpUtils */ = {
			isa = PBXGroup;
			children = (
				A672EAA8161361E500C347E0 /* src */,
			);
			name = ofxHttpUtils;
			path = ../../../addons/ofxHttpUtils;
			sourceTree = "<group>";
		};
		A672EAA8161361E500C347E0 /* src */ = {
			isa = PBXGroup;
			children = (
				A672EAA9161361E500C347E0 /* ofxHttpTypes.h */,
				A672EAAA161361E500C347E0 /* ofxHttpUtils.cpp */,
				A672EAAB161361E500C347E0 /* ofxHttpUtils.h */,
			);
			path = src;
			sourceTree = "<group>";
		};
		A672EAB61613622000C347E0 /* ofxMSAInteractiveObject */ = {
			isa = PBXGroup;
			children = (
				A672EAC31613622000C347E0 /* src */,
			);
			name = ofxMSAInteractiveObject;
			path = ../../../addons/ofxMSAInteractiveObject;
			sourceTree = "<group>";
		};
		A672EAC31613622000C347E0 /* src */ = {
			isa = PBXGroup;
			children = (
				A672EAC41613622000C347E0 /* ofxMSAInteractiveObject.cpp */,
				A672EAC51613622000C347E0 /* ofxMSAInteractiveObject.h */,
			);
			path = src;
			sourceTree = "<group>";
		};
		A68BEDB81610889300802EB6 /* ofxPlaylist */ = {
			isa = PBXGroup;
			children = (
				A68BEDE41610889300802EB6 /* src */,
			);
			name = ofxPlaylist;
			path = ../../../addons/ofxPlaylist;
			sourceTree = "<group>";
		};
		A68BEDE41610889300802EB6 /* src */ = {
			isa = PBXGroup;
			children = (
				A68BEDFF1610889300802EB6 /* ofxBaseKeyframe.h */,
				A68BEE001610889300802EB6 /* ofxEasingExt.h */,
				A68BEE011610889300802EB6 /* ofxEventKeyframe.cpp */,
				A68BEE021610889300802EB6 /* ofxEventKeyframe.h */,
				A68BEE031610889300802EB6 /* ofxKeyframe.cpp */,
				A68BEE041610889300802EB6 /* ofxKeyframe.h */,
				A68BEE051610889300802EB6 /* ofxPlaylist.cpp */,
				A68BEE061610889300802EB6 /* ofxPlaylist.h */,
				A68BEE071610889300802EB6 /* ofxPlaylistAEHelper.h */,
			);
			path = src;
			sourceTree = "<group>";
		};
		A6ABE77815F4D68D00D51B3C /* ofxUnZip */ = {
			isa = PBXGroup;
			children = (
				A6ABE77915F4D68D00D51B3C /* lib */,
				A6ABE77E15F4D68D00D51B3C /* README */,
				A6ABE77F15F4D68D00D51B3C /* src */,
			);
			name = ofxUnZip;
			path = ../../../addons/ofxUnZip;
			sourceTree = "<group>";
		};
		A6ABE77915F4D68D00D51B3C /* lib */ = {
			isa = PBXGroup;
			children = (
				A6ABE77A15F4D68D00D51B3C /* ioapi.c */,
				A6ABE77B15F4D68D00D51B3C /* ioapi.h */,
				A6ABE77C15F4D68D00D51B3C /* unzip.c */,
				A6ABE77D15F4D68D00D51B3C /* unzip.h */,
			);
			path = lib;
			sourceTree = "<group>";
		};
		A6ABE77F15F4D68D00D51B3C /* src */ = {
			isa = PBXGroup;
			children = (
				A6ABE78115F4D68D00D51B3C /* ofxUnZip.cpp */,
				A6ABE78215F4D68D00D51B3C /* ofxUnZip.h */,
			);
			path = src;
			sourceTree = "<group>";
		};
		A6B3153E15D2E737002F427A /* addons stripped of examples */ = {
			isa = PBXGroup;
			children = (
				A6621A7B15E6D44E003B8ACB /* agg_basics.h */,
				A6621A7C15E6D474003B8ACB /* agg_config.h */,
				A6621A7F15E6EBFA003B8ACB /* agg_trans_bilinear.h */,
				A6621A8015E6EC22003B8ACB /* agg_simul_eq.h */,
				A6F37EB015DD430B00D819F6 /* ofxGeometry.cpp */,
				A6F37EB115DD430B00D819F6 /* ofxGeometry.h */,
				A6B3152E15D2E6D3002F427A /* ofxMtObject.cpp */,
				A6B3152F15D2E6D3002F427A /* ofxMtObject.h */,
				A6B3153015D2E6D3002F427A /* ofxMtObjectEvents.h */,
				A6B3152115D2E6D3002F427A /* ofxMtActionsObject.cpp */,
				A6B3152215D2E6D3002F427A /* ofxMtActionsObject.h */,
				A6B3152315D2E6D3002F427A /* ofxMtActionTouch.h */,
			);
			name = "addons stripped of examples";
			sourceTree = "<group>";
		};
		A6CA650F1607202D002F6A15 /* ofxTwitterStream */ = {
			isa = PBXGroup;
			children = (
				A6CA65161607202D002F6A15 /* src */,
			);
			name = ofxTwitterStream;
			path = ../../../addons/ofxTwitterStream;
			sourceTree = "<group>";
		};
		A6CA65161607202D002F6A15 /* src */ = {
			isa = PBXGroup;
			children = (
				A6CA652C1607202D002F6A15 /* ofxTweet.cpp */,
				A6CA652D1607202D002F6A15 /* ofxTweet.h */,
				A6CA652E1607202D002F6A15 /* ofxTwitter.cpp */,
				A6CA652F1607202D002F6A15 /* ofxTwitter.h */,
				A6CA65301607202D002F6A15 /* ofxTwitterConnector.cpp */,
				A6CA65311607202D002F6A15 /* ofxTwitterConnector.h */,
				A6CA654216072311002F6A15 /* ofxTwitterStreamConnector.cpp */,
				A6CA654316072312002F6A15 /* ofxTwitterStreamConnector.h */,
				A6CA654516072947002F6A15 /* ofxTwitterSearchConnector.cpp */,
				A6CA654616072947002F6A15 /* ofxTwitterSearchConnector.h */,
				A6CA65171607202D002F6A15 /* lib */,
			);
			path = src;
			sourceTree = "<group>";
		};
		A6CA65171607202D002F6A15 /* lib */ = {
			isa = PBXGroup;
			children = (
				A6CA65181607202D002F6A15 /* jansson */,
				A6CA65281607202D002F6A15 /* stringencoders */,
			);
			path = lib;
			sourceTree = "<group>";
		};
		A6CA65181607202D002F6A15 /* jansson */ = {
			isa = PBXGroup;
			children = (
				A6CA65191607202D002F6A15 /* dump.c */,
				A6CA651A1607202D002F6A15 /* error.c */,
				A6CA651B1607202D002F6A15 /* hashtable.c */,
				A6CA651C1607202D002F6A15 /* hashtable.h */,
				A6CA651D1607202D002F6A15 /* jansson.h */,
				A6CA651E1607202D002F6A15 /* jansson_config.h */,
				A6CA651F1607202D002F6A15 /* jansson_private.h */,
				A6CA65201607202D002F6A15 /* load.c */,
				A6CA65211607202D002F6A15 /* memory.c */,
				A6CA65221607202D002F6A15 /* pack_unpack.c */,
				A6CA65231607202D002F6A15 /* strbuffer.c */,
				A6CA65241607202D002F6A15 /* strbuffer.h */,
				A6CA65251607202D002F6A15 /* utf.c */,
				A6CA65261607202D002F6A15 /* utf.h */,
				A6CA65271607202D002F6A15 /* value.c */,
			);
			path = jansson;
			sourceTree = "<group>";
		};
		A6CA65281607202D002F6A15 /* stringencoders */ = {
			isa = PBXGroup;
			children = (
				A6CA65291607202D002F6A15 /* modp_b64.c */,
				A6CA652A1607202D002F6A15 /* modp_b64.h */,
				A6CA652B1607202D002F6A15 /* modp_b64_data.h */,
			);
			path = stringencoders;
			sourceTree = "<group>";
		};
		BB16E9930F2B1E5900518274 /* libs */ = {
			isa = PBXGroup;
			children = (
				BBE5E94E0F497BD800F28951 /* core */,
			);
			name = libs;
			sourceTree = "<group>";
		};
		BB16F26B0F2B646B00518274 /* addons */ = {
			isa = PBXGroup;
			children = (
				A672EAB61613622000C347E0 /* ofxMSAInteractiveObject */,
				A672EA9A161361E500C347E0 /* ofxHttpUtils */,
				A68BEDB81610889300802EB6 /* ofxPlaylist */,
				A6168316160A0B220023D71A /* ofxTween */,
				A6CA650F1607202D002F6A15 /* ofxTwitterStream */,
				A6ABE77815F4D68D00D51B3C /* ofxUnZip */,
				A662194115E3B657003B8ACB /* ofxXmlSettings */,
				2c8f245acbe61e28646c17f20b185423 /* ofxAssimpModelLoader */,
			);
			name = addons;
			sourceTree = "<group>";
		};
		BB24DD8B10DA77E000E9C588 /* data */ = {
			isa = PBXGroup;
			children = (
				BB24DD8C10DA77E000E9C588 /* Default.png */,
				BB24DD8D10DA77E000E9C588 /* Icon.png */,
			);
			name = data;
			path = bin/data;
			sourceTree = "<group>";
		};
		BB24E1F710DAA51900E9C588 /* openFrameworks */ = {
			isa = PBXGroup;
			children = (
				E41D40FD13B3A0D800A75A5D /* iOS+OFLib.xcodeproj */,
				32CA4F630368D1EE00C91783 /* iPhone_Prefix.pch */,
				BB24DDC910DA781C00E9C588 /* ofxiphone-Info.plist */,
				E41D3EE513B3906D00A75A5D /* CoreOF.xcconfig */,
				E41D3ED613B38FB500A75A5D /* Project.xcconfig */,
			);
			name = openFrameworks;
			sourceTree = "<group>";
		};
		BBE5E94E0F497BD800F28951 /* core */ = {
			isa = PBXGroup;
			children = (
				29B97323FDCFA39411CA2CEA /* core frameworks */,
			);
			name = core;
			sourceTree = "<group>";
		};
		E41D40FE13B3A0D800A75A5D /* Products */ = {
			isa = PBXGroup;
			children = (
				E41D410213B3A0D800A75A5D /* libofxiPhone_iphoneos_Debug.a */,
			);
			name = Products;
			sourceTree = "<group>";
		};
		E4D8936A11527B74007E1F53 /* src */ = {
			isa = PBXGroup;
			children = (
				E4D8936B11527B74007E1F53 /* main.mm */,
				E4D8936C11527B74007E1F53 /* testApp.h */,
				E4D8936D11527B74007E1F53 /* testApp.mm */,
				A6B3153F15D2E89A002F427A /* tbzEventSite.h */,
				A6F37EB315DD55F100D819F6 /* tbzEventSite.cpp */,
				A6ABE76C15F4CE9400D51B3C /* tbzVenue.h */,
				A6ABE76B15F4CE9400D51B3C /* tbzVenue.cpp */,
				A616830E1608D54F0023D71A /* tbzPerson.cpp */,
				A616830F1608D54F0023D71A /* tbzPerson.h */,
				A6621A7715E6A71D003B8ACB /* tbzSocialMessage.h */,
				A6621A7615E6A71D003B8ACB /* tbzSocialMessage.cpp */,
				A6CA654816077E70002F6A15 /* tbzCaptionGraphic.cpp */,
				A6CA654916077E70002F6A15 /* tbzCaptionGraphic.h */,
				A6F45A5F160B17B900CFB98F /* tbzKMZReader.cpp */,
				A6F45A60160B17B900CFB98F /* tbzKMZReader.h */,
				A6B32430160B688A007DEEB6 /* tbzTweet.cpp */,
				A6B32431160B688A007DEEB6 /* tbzTweet.h */,
				A672EACD1613631200C347E0 /* tbzServerConnector.cpp */,
				A672EACE1613631200C347E0 /* tbzServerConnector.h */,
				A6A8948F1615D2C80011E0F4 /* tbzDataLogger.cpp */,
				A6A894901615D2C80011E0F4 /* tbzDataLogger.h */,
				A663E08915ED333F00846683 /* tbzEventSiteSettingsXMLMaker.h */,
				A673DBFA160266A6007B5D6D /* tbzScreenScale.h */,
				A6D7F2F1160CF64100D01D6F /* tbzScreenScale.mm */,
				A656A27615EF82AF007802DB /* tbzPlatformDefineTests.h */,
				A6B3153E15D2E737002F427A /* addons stripped of examples */,
			);
			path = src;
			sourceTree = SOURCE_ROOT;
		};
		c721a9af1157766afe54645eb70f1a7b /* libs */ = {
			isa = PBXGroup;
			children = (
				59905d957fde48902cf1f72978ddcb13 /* assimp */,
			);
			name = libs;
			sourceTree = "<group>";
		};
		eefdd7ae0009ae6f77ef2a937399e1cd /* include */ = {
			isa = PBXGroup;
			children = (
				907f2521dc2465da06c6af1d1c18c799 /* aiAnim.h */,
				1eaed5cffef5186b868078917fbc5992 /* aiAssert.h */,
				838b1d2c3319363cf8762b067909ebfc /* aiCamera.h */,
				1b2b8dd25ba5cc157bedbcf0a4512832 /* aiColor4D.h */,
				3dbacca958271ecb22f7ab67d74a49ce /* aiConfig.h */,
				7da8f80a221c83c141fd02b1bf0fd401 /* aiDefines.h */,
				7376e26531d91026464d8c58a27b7069 /* aiFileIO.h */,
				411b9b9bc0591439d8f0b056069b76d2 /* aiLight.h */,
				f82ef0c060cbdac33ab84f2739ec546a /* aiMaterial.h */,
				8504ff32a0062075b2b34f3ce8f21a72 /* aiMatrix3x3.h */,
				cb6e898fb329c46ec3def46127b7f74e /* aiMatrix4x4.h */,
				5e154ce6eae1c51e3e6c3afe877468db /* aiMesh.h */,
				b170ee628be77202946345e5f0de71e9 /* aiPostProcess.h */,
				da9359f0f209e6a0b17ddb7d2000d1a0 /* aiQuaternion.h */,
				8eb7e3aa842b22a0d284ea31e39e4301 /* aiScene.h */,
				c878437fc072e5d613f2495ac838b698 /* aiTexture.h */,
				9812ab5b873dce671edd4e6ddd281e54 /* aiTypes.h */,
				28904a3f685cce2d22b588e9936f112b /* aiVector2D.h */,
				e15a2aa8d846b3107aacc31edd2b9a3b /* aiVector3D.h */,
				c72403edcb7dcaec60d1dcdd13017e0c /* aiVersion.h */,
				564045ef0424b7037832d90382f88900 /* assimp.h */,
				53ea0e889f34624ce3313e04cd77bdc4 /* assimp.hpp */,
				93a9152986a73da32dbd796433b96c9f /* Compiler */,
				9d3fbfbcc1ee3203c85613ccf7e80431 /* DefaultLogger.h */,
				cc940533e79102644e0eba5599fb0fb6 /* IOStream.h */,
				8ebbbb59caed1e54f37c7038f27990ee /* IOSystem.h */,
				55b81b66e9935717c0fb91416f3db68f /* Logger.h */,
				12a495636e8f8086e17251c020a83154 /* LogStream.h */,
				c5527ea29f52ffa0c868e1b945f4c509 /* NullLogger.h */,
				0d3785e8f7feb9257fea2d7d3e2823e6 /* ProgressHandler.h */,
			);
			name = include;
			sourceTree = "<group>";
		};
/* End PBXGroup section */

/* Begin PBXNativeTarget section */
		1D6058900D05DD3D006BFB54 /* IMCFestivalApp */ = {
			isa = PBXNativeTarget;
			buildConfigurationList = 1D6058960D05DD3E006BFB54 /* Build configuration list for PBXNativeTarget "IMCFestivalApp" */;
			buildPhases = (
				1D60588D0D05DD3D006BFB54 /* Resources */,
				1D60588E0D05DD3D006BFB54 /* Sources */,
				1D60588F0D05DD3D006BFB54 /* Frameworks */,
				9255DD331112741900D6945E /* ShellScript */,
			);
			buildRules = (
			);
			dependencies = (
				E41D410413B3A11300A75A5D /* PBXTargetDependency */,
			);
			name = IMCFestivalApp;
			productName = iPhone;
			productReference = 1D6058910D05DD3D006BFB54 /* IMCFestivalApp.app */;
			productType = "com.apple.product-type.application";
		};
/* End PBXNativeTarget section */

/* Begin PBXProject section */
		29B97313FDCFA39411CA2CEA /* Project object */ = {
			isa = PBXProject;
			buildConfigurationList = C01FCF4E08A954540054247B /* Build configuration list for PBXProject "IMCFestivalApp" */;
			compatibilityVersion = "Xcode 3.1";
			developmentRegion = English;
			hasScannedForEncodings = 1;
			knownRegions = (
				English,
				Japanese,
				French,
				German,
			);
			mainGroup = 29B97314FDCFA39411CA2CEA /* CustomTemplate */;
			projectDirPath = "";
			projectReferences = (
				{
					ProductGroup = E41D40FE13B3A0D800A75A5D /* Products */;
					ProjectRef = E41D40FD13B3A0D800A75A5D /* iOS+OFLib.xcodeproj */;
				},
			);
			projectRoot = "";
			targets = (
				1D6058900D05DD3D006BFB54 /* IMCFestivalApp */,
			);
		};
/* End PBXProject section */

/* Begin PBXReferenceProxy section */
		E41D410213B3A0D800A75A5D /* libofxiPhone_iphoneos_Debug.a */ = {
			isa = PBXReferenceProxy;
			fileType = archive.ar;
			path = libofxiPhone_iphoneos_Debug.a;
			remoteRef = E41D410113B3A0D800A75A5D /* PBXContainerItemProxy */;
			sourceTree = BUILT_PRODUCTS_DIR;
		};
/* End PBXReferenceProxy section */

/* Begin PBXResourcesBuildPhase section */
		1D60588D0D05DD3D006BFB54 /* Resources */ = {
			isa = PBXResourcesBuildPhase;
			buildActionMask = 2147483647;
			files = (
				BB24DD8F10DA77E000E9C588 /* Default.png in Resources */,
				BB24DD9010DA77E000E9C588 /* Icon.png in Resources */,
				BB24DDCA10DA781C00E9C588 /* ofxiphone-Info.plist in Resources */,
				E41D3ED713B38FB500A75A5D /* Project.xcconfig in Resources */,
				E41D3EE613B3906D00A75A5D /* CoreOF.xcconfig in Resources */,
				A6ABE78515F4D68D00D51B3C /* README in Resources */,
				A6168360160A0B230023D71A /* easing_terms_of_use.html in Resources */,
			);
			runOnlyForDeploymentPostprocessing = 0;
		};
/* End PBXResourcesBuildPhase section */

/* Begin PBXShellScriptBuildPhase section */
		9255DD331112741900D6945E /* ShellScript */ = {
			isa = PBXShellScriptBuildPhase;
			buildActionMask = 2147483647;
			files = (
			);
			inputPaths = (
			);
			outputPaths = (
			);
			runOnlyForDeploymentPostprocessing = 0;
			shellPath = /bin/sh;
			shellScript = "cp -rf bin/data/ \"$TARGET_BUILD_DIR/$PRODUCT_NAME.app\"\n";
		};
/* End PBXShellScriptBuildPhase section */

/* Begin PBXSourcesBuildPhase section */
		1D60588E0D05DD3D006BFB54 /* Sources */ = {
			isa = PBXSourcesBuildPhase;
			buildActionMask = 2147483647;
			files = (
				E4D8936E11527B74007E1F53 /* main.mm in Sources */,
				E4D8936F11527B74007E1F53 /* testApp.mm in Sources */,
				8ded5056525646fa71980866dad7cfd5 /* ofxAssimpModelLoader.cpp in Sources */,
				A6B3153915D2E6D3002F427A /* ofxMtActionsObject.cpp in Sources */,
				A6B3153D15D2E6D3002F427A /* ofxMtObject.cpp in Sources */,
				A6F37EB215DD430B00D819F6 /* ofxGeometry.cpp in Sources */,
				A6F37EB415DD55F100D819F6 /* tbzEventSite.cpp in Sources */,
				A662194A15E3B657003B8ACB /* tinyxml.cpp in Sources */,
				A662194B15E3B657003B8ACB /* tinyxmlerror.cpp in Sources */,
				A662194C15E3B657003B8ACB /* tinyxmlparser.cpp in Sources */,
				A662194D15E3B657003B8ACB /* ofxXmlSettings.cpp in Sources */,
				A6621A7815E6A71E003B8ACB /* tbzSocialMessage.cpp in Sources */,
				A6ABE76D15F4CE9500D51B3C /* tbzVenue.cpp in Sources */,
				A6ABE78315F4D68D00D51B3C /* ioapi.c in Sources */,
				A6ABE78415F4D68D00D51B3C /* unzip.c in Sources */,
				A6ABE78715F4D68D00D51B3C /* ofxUnZip.cpp in Sources */,
				A6CA65351607202D002F6A15 /* dump.c in Sources */,
				A6CA65361607202D002F6A15 /* error.c in Sources */,
				A6CA65371607202D002F6A15 /* hashtable.c in Sources */,
				A6CA65381607202D002F6A15 /* load.c in Sources */,
				A6CA65391607202D002F6A15 /* memory.c in Sources */,
				A6CA653A1607202D002F6A15 /* pack_unpack.c in Sources */,
				A6CA653B1607202D002F6A15 /* strbuffer.c in Sources */,
				A6CA653C1607202D002F6A15 /* utf.c in Sources */,
				A6CA653D1607202D002F6A15 /* value.c in Sources */,
				A6CA653E1607202D002F6A15 /* modp_b64.c in Sources */,
				A6CA653F1607202D002F6A15 /* ofxTweet.cpp in Sources */,
				A6CA65401607202D002F6A15 /* ofxTwitter.cpp in Sources */,
				A6CA65411607202D002F6A15 /* ofxTwitterConnector.cpp in Sources */,
				A6CA654416072312002F6A15 /* ofxTwitterStreamConnector.cpp in Sources */,
				A6CA654716072947002F6A15 /* ofxTwitterSearchConnector.cpp in Sources */,
				A6CA654A16077E70002F6A15 /* tbzCaptionGraphic.cpp in Sources */,
				A61683101608D54F0023D71A /* tbzPerson.cpp in Sources */,
				A6168361160A0B230023D71A /* ofxEasing.cpp in Sources */,
				A6168362160A0B230023D71A /* ofxEasingBack.cpp in Sources */,
				A6168363160A0B230023D71A /* ofxEasingBounce.cpp in Sources */,
				A6168364160A0B230023D71A /* ofxEasingCirc.cpp in Sources */,
				A6168365160A0B230023D71A /* ofxEasingCubic.cpp in Sources */,
				A6168366160A0B230023D71A /* ofxEasingElastic.cpp in Sources */,
				A6168367160A0B230023D71A /* ofxEasingExpo.cpp in Sources */,
				A6168368160A0B230023D71A /* ofxEasingLinear.cpp in Sources */,
				A6168369160A0B230023D71A /* ofxEasingQuad.cpp in Sources */,
				A616836A160A0B230023D71A /* ofxEasingQuart.cpp in Sources */,
				A616836B160A0B230023D71A /* ofxEasingQuint.cpp in Sources */,
				A616836C160A0B230023D71A /* ofxEasingSine.cpp in Sources */,
				A616836D160A0B230023D71A /* ofxTween.cpp in Sources */,
				A6F45A61160B17B900CFB98F /* tbzKMZReader.cpp in Sources */,
				A6B32432160B688A007DEEB6 /* tbzTweet.cpp in Sources */,
				A6D7F2F2160CF64100D01D6F /* tbzScreenScale.mm in Sources */,
				A68BEE391610889300802EB6 /* ofxEventKeyframe.cpp in Sources */,
				A68BEE3A1610889300802EB6 /* ofxKeyframe.cpp in Sources */,
				A68BEE3B1610889300802EB6 /* ofxPlaylist.cpp in Sources */,
				A672EAB4161361E500C347E0 /* ofxHttpUtils.cpp in Sources */,
				A672EACC1613622000C347E0 /* ofxMSAInteractiveObject.cpp in Sources */,
				A672EACF1613631200C347E0 /* tbzServerConnector.cpp in Sources */,
				A6A894911615D2C80011E0F4 /* tbzDataLogger.cpp in Sources */,
			);
			runOnlyForDeploymentPostprocessing = 0;
		};
/* End PBXSourcesBuildPhase section */

/* Begin PBXTargetDependency section */
		E41D410413B3A11300A75A5D /* PBXTargetDependency */ = {
			isa = PBXTargetDependency;
			name = "iPhone+OF Static Library";
			targetProxy = E41D410313B3A11300A75A5D /* PBXContainerItemProxy */;
		};
/* End PBXTargetDependency section */

/* Begin XCBuildConfiguration section */
		1D6058940D05DD3E006BFB54 /* Debug */ = {
			isa = XCBuildConfiguration;
			buildSettings = {
				ALWAYS_SEARCH_USER_PATHS = NO;
				ARCHS = armv7;
				GCC_PRECOMPILE_PREFIX_HEADER = YES;
				GCC_PREFIX_HEADER = iPhone_Prefix.pch;
				INFOPLIST_FILE = "ofxiphone-Info.plist";
				IPHONEOS_DEPLOYMENT_TARGET = 4.0;
				LIBRARY_SEARCH_PATHS = (
					"$(inherited)",
					"\"$(SRCROOT)/../../../addons/ofxYAML/libs\"",
				);
				PRODUCT_NAME = IMCFestivalApp;
				TARGETED_DEVICE_FAMILY = "1,2";
			};
			name = Debug;
		};
		1D6058950D05DD3E006BFB54 /* Release */ = {
			isa = XCBuildConfiguration;
			buildSettings = {
				GCC_PRECOMPILE_PREFIX_HEADER = YES;
				GCC_PREFIX_HEADER = iPhone_Prefix.pch;
				INFOPLIST_FILE = "ofxiphone-Info.plist";
				IPHONEOS_DEPLOYMENT_TARGET = 4.0;
				LIBRARY_SEARCH_PATHS = (
					"$(inherited)",
					"\"$(SRCROOT)/../../../addons/ofxYAML/libs\"",
				);
				PRODUCT_NAME = IMCFestivalApp;
				TARGETED_DEVICE_FAMILY = "1,2";
			};
			name = Release;
		};
		C01FCF4F08A954540054247B /* Debug */ = {
			isa = XCBuildConfiguration;
			baseConfigurationReference = E41D3ED613B38FB500A75A5D /* Project.xcconfig */;
			buildSettings = {
				ALWAYS_SEARCH_USER_PATHS = YES;
				ARCHS = "$(ARCHS_STANDARD_32_BIT)";
				CODE_SIGN_IDENTITY = "";
				"CODE_SIGN_IDENTITY[sdk=iphoneos*]" = "iPhone Developer";
				COMPRESS_PNG_FILES = NO;
				GCC_C_LANGUAGE_STANDARD = c99;
				GCC_OPTIMIZATION_LEVEL = 0;
				GCC_SYMBOLS_PRIVATE_EXTERN = NO;
				GCC_WARN_ABOUT_DEPRECATED_FUNCTIONS = NO;
				GCC_WARN_ABOUT_INVALID_OFFSETOF_MACRO = NO;
				GCC_WARN_ABOUT_POINTER_SIGNEDNESS = NO;
				GCC_WARN_ABOUT_RETURN_TYPE = YES;
				GCC_WARN_ALLOW_INCOMPLETE_PROTOCOL = NO;
				GCC_WARN_PROTOTYPE_CONVERSION = NO;
				GCC_WARN_UNUSED_VARIABLE = YES;
				HEADER_SEARCH_PATHS = (
					"$(OF_CORE_HEADERS)",
					src,
					../../../addons/ofxAssimpModelLoader/libs,
					../../../addons/ofxAssimpModelLoader/libs/assimp,
					../../../addons/ofxAssimpModelLoader/libs/assimp/include,
					../../../addons/ofxAssimpModelLoader/libs/assimp/include/Compiler,
					../../../addons/ofxAssimpModelLoader/libs/assimp/lib,
					../../../addons/ofxAssimpModelLoader/libs/assimp/lib/ios,
					../../../addons/ofxAssimpModelLoader/src,
				);
				IPHONEOS_DEPLOYMENT_TARGET = 4.0;
				ONLY_ACTIVE_ARCH = NO;
				OTHER_LDFLAGS = (
					"$(OF_CORE_LIBS)",
					../../../addons/ofxAssimpModelLoader/libs/assimp/lib/ios/assimp.a,
					../../../addons/ofxAssimpModelLoader/libs/assimp/lib/osx/assimp.a,
				);
				PREBINDING = NO;
				"PROVISIONING_PROFILE[sdk=iphoneos*]" = "";
				SDKROOT = iphoneos;
				TARGETED_DEVICE_FAMILY = 1;
				WARNING_LDFLAGS = "-no_arch_warnings";
			};
			name = Debug;
		};
		C01FCF5008A954540054247B /* Release */ = {
			isa = XCBuildConfiguration;
			baseConfigurationReference = E41D3ED613B38FB500A75A5D /* Project.xcconfig */;
			buildSettings = {
				ALWAYS_SEARCH_USER_PATHS = YES;
				ARCHS = "$(ARCHS_STANDARD_32_BIT)";
				CODE_SIGN_IDENTITY = "";
				"CODE_SIGN_IDENTITY[sdk=iphoneos*]" = "iPhone Developer";
				COMPRESS_PNG_FILES = NO;
				GCC_C_LANGUAGE_STANDARD = c99;
				GCC_DYNAMIC_NO_PIC = YES;
				GCC_GENERATE_DEBUGGING_SYMBOLS = NO;
				GCC_OPTIMIZATION_LEVEL = 3;
				GCC_SYMBOLS_PRIVATE_EXTERN = NO;
				GCC_THUMB_SUPPORT = NO;
				GCC_WARN_ABOUT_RETURN_TYPE = YES;
				GCC_WARN_UNUSED_VARIABLE = YES;
				HEADER_SEARCH_PATHS = (
					"$(OF_CORE_HEADERS)",
					src,
					../../../addons/ofxAssimpModelLoader/libs,
					../../../addons/ofxAssimpModelLoader/libs/assimp,
					../../../addons/ofxAssimpModelLoader/libs/assimp/include,
					../../../addons/ofxAssimpModelLoader/libs/assimp/include/Compiler,
					../../../addons/ofxAssimpModelLoader/libs/assimp/lib,
					../../../addons/ofxAssimpModelLoader/libs/assimp/lib/ios,
					../../../addons/ofxAssimpModelLoader/src,
				);
				IPHONEOS_DEPLOYMENT_TARGET = 4.0;
				ONLY_ACTIVE_ARCH = NO;
				OTHER_LDFLAGS = (
					"$(OF_CORE_LIBS)",
					../../../addons/ofxAssimpModelLoader/libs/assimp/lib/ios/assimp.a,
					../../../addons/ofxAssimpModelLoader/libs/assimp/lib/osx/assimp.a,
				);
				PREBINDING = NO;
				SDKROOT = iphoneos;
				TARGETED_DEVICE_FAMILY = 1;
				WARNING_LDFLAGS = "-no_arch_warnings";
			};
			name = Release;
		};
/* End XCBuildConfiguration section */

/* Begin XCConfigurationList section */
		1D6058960D05DD3E006BFB54 /* Build configuration list for PBXNativeTarget "IMCFestivalApp" */ = {
			isa = XCConfigurationList;
			buildConfigurations = (
				1D6058940D05DD3E006BFB54 /* Debug */,
				1D6058950D05DD3E006BFB54 /* Release */,
			);
			defaultConfigurationIsVisible = 0;
			defaultConfigurationName = Release;
		};
		C01FCF4E08A954540054247B /* Build configuration list for PBXProject "IMCFestivalApp" */ = {
			isa = XCConfigurationList;
			buildConfigurations = (
				C01FCF4F08A954540054247B /* Debug */,
				C01FCF5008A954540054247B /* Release */,
			);
			defaultConfigurationIsVisible = 0;
			defaultConfigurationName = Release;
		};
/* End XCConfigurationList section */
	};
	rootObject = 29B97313FDCFA39411CA2CEA /* Project object */;
}
